<?xml version="1.0" encoding="utf-8"?>
<Project ToolsVersion="4.0" xmlns="http://schemas.microsoft.com/developer/msbuild/2003">
  <ItemGroup>
    <Filter Include="Fichiers sources">
      <UniqueIdentifier>{4FC737F1-C7A5-4376-A066-2A32D752A2FF}</UniqueIdentifier>
      <Extensions>cpp;c;cc;cxx;def;odl;idl;hpj;bat;asm;asmx</Extensions>
    </Filter>
    <Filter Include="Fichiers d%27en-tête">
      <UniqueIdentifier>{93995380-89BD-4b04-88EB-625FBE52EBFB}</UniqueIdentifier>
      <Extensions>h;hh;hpp;hxx;hm;inl;inc;ipp;xsd</Extensions>
    </Filter>
    <Filter Include="Fichiers de ressources">
      <UniqueIdentifier>{67DA6AB6-F800-4c08-8B7A-83BB121AAD01}</UniqueIdentifier>
      <Extensions>rc;ico;cur;bmp;dlg;rc2;rct;bin;rgs;gif;jpg;jpeg;jpe;resx;tiff;tif;png;wav;mfcribbon-ms</Extensions>
    </Filter>
  </ItemGroup>
  <ItemGroup>
    <ClCompile Include="Source.cpp">
      <Filter>Fichiers sources</Filter>
    </ClCompile>
    <ClCompile Include="glad.c">
      <Filter>Fichiers sources</Filter>
    </ClCompile>
    <ClCompile Include="List.cpp">
      <Filter>Fichiers sources</Filter>
    </ClCompile>
    <ClCompile Include="Element.cpp">
      <Filter>Fichiers sources</Filter>
    </ClCompile>
    <ClCompile Include="glEngine\glProgram.cpp">
      <Filter>Fichiers sources</Filter>
    </ClCompile>
    <ClCompile Include="stb.cpp">
      <Filter>Fichiers sources</Filter>
    </ClCompile>
    <ClCompile Include="glEngine\glShader.cpp">
      <Filter>Fichiers sources</Filter>
    </ClCompile>
    <ClCompile Include="framework\SphereGemeotry.cpp">
      <Filter>Fichiers sources</Filter>
    </ClCompile>
    <ClCompile Include="glEngine\glTexture.cpp">
      <Filter>Fichiers sources</Filter>
    </ClCompile>
    <ClCompile Include="glEngine\glBufferAttribute.cpp">
      <Filter>Fichiers sources</Filter>
    </ClCompile>
    <ClCompile Include="glEngine\glBufferObject.cpp">
      <Filter>Fichiers sources</Filter>
    </ClCompile>
    <ClCompile Include="glEngine\glUniform.cpp">
      <Filter>Fichiers sources</Filter>
    </ClCompile>
    <ClCompile Include="glEngine\glVertexArray.cpp">
      <Filter>Fichiers sources</Filter>
    </ClCompile>
    <ClCompile Include="glEngine\glVertexAttribute.cpp">
      <Filter>Fichiers sources</Filter>
    </ClCompile>
    <ClCompile Include="Reference.cpp">
      <Filter>Fichiers sources</Filter>
    </ClCompile>
    <ClCompile Include="glEngine\glFrameBuffer.cpp">
      <Filter>Fichiers sources</Filter>
    </ClCompile>
    <ClCompile Include="glEngine\glRenderBuffer.cpp">
      <Filter>Fichiers sources</Filter>
    </ClCompile>
    <ClCompile Include="framework\fwPostProcessing.cpp">
      <Filter>Fichiers sources</Filter>
    </ClCompile>
    <ClCompile Include="glEngine\glCubeTexture.cpp">
      <Filter>Fichiers sources</Filter>
    </ClCompile>
    <ClCompile Include="framework\fwSkybox.cpp">
      <Filter>Fichiers sources</Filter>
    </ClCompile>
    <ClCompile Include="framework\controls\fwOrbitControl.cpp">
      <Filter>Fichiers sources</Filter>
    </ClCompile>
    <ClCompile Include="framework\fwApp.cpp">
      <Filter>Fichiers sources</Filter>
    </ClCompile>
    <ClCompile Include="myApp.cpp">
      <Filter>Fichiers sources</Filter>
    </ClCompile>
    <ClCompile Include="glEngine\glUniformBuffer.cpp">
      <Filter>Fichiers sources</Filter>
    </ClCompile>
    <ClCompile Include="framework\fwObject3D.cpp">
      <Filter>Fichiers sources</Filter>
    </ClCompile>
    <ClCompile Include="framework\fwScene.cpp">
      <Filter>Fichiers sources</Filter>
    </ClCompile>
    <ClCompile Include="framework\fwMesh.cpp">
      <Filter>Fichiers sources</Filter>
    </ClCompile>
    <ClCompile Include="framework\fwInstancedMesh.cpp">
      <Filter>Fichiers sources</Filter>
    </ClCompile>
    <ClCompile Include="glEngine\glInstancedBufferAttribute.cpp">
      <Filter>Fichiers sources</Filter>
    </ClCompile>
    <ClCompile Include="glEngine\glInstancedVertexArray.cpp">
      <Filter>Fichiers sources</Filter>
    </ClCompile>
    <ClCompile Include="framework\fwGeometry.cpp">
      <Filter>Fichiers sources</Filter>
    </ClCompile>
    <ClCompile Include="framework\fwMaterial.cpp">
      <Filter>Fichiers sources</Filter>
    </ClCompile>
    <ClCompile Include="framework\fwMaterialBasic.cpp">
      <Filter>Fichiers sources</Filter>
    </ClCompile>
    <ClCompile Include="framework\geometries\fwPlaneGeometry.cpp">
      <Filter>Fichiers sources</Filter>
    </ClCompile>
    <ClCompile Include="framework\materials\fwOutlineMaterial.cpp">
      <Filter>Fichiers sources</Filter>
    </ClCompile>
    <ClCompile Include="framework\materials\fwNormalHelperMaterial.cpp">
      <Filter>Fichiers sources</Filter>
    </ClCompile>
    <ClCompile Include="framework\lights\fwDirectionLight.cpp">
      <Filter>Fichiers sources</Filter>
    </ClCompile>
    <ClCompile Include="framework\lights\fwSpotLight.cpp">
      <Filter>Fichiers sources</Filter>
    </ClCompile>
    <ClCompile Include="framework\lights\fwPointLight.cpp">
      <Filter>Fichiers sources</Filter>
    </ClCompile>
    <ClCompile Include="framework\geometries\fwBoxGeometry.cpp">
      <Filter>Fichiers sources</Filter>
    </ClCompile>
    <ClCompile Include="framework\fwLight.cpp">
      <Filter>Fichiers sources</Filter>
    </ClCompile>
    <ClCompile Include="framework\fwCamera.cpp">
      <Filter>Fichiers sources</Filter>
    </ClCompile>
    <ClCompile Include="glEngine\glColorMap.cpp">
      <Filter>Fichiers sources</Filter>
    </ClCompile>
    <ClCompile Include="glEngine\glDepthMap.cpp">
      <Filter>Fichiers sources</Filter>
    </ClCompile>
    <ClCompile Include="framework\camera\fwOrthographicCamera.cpp">
      <Filter>Fichiers sources</Filter>
    </ClCompile>
    <ClCompile Include="glEngine\textures\glDepthTexture.cpp">
      <Filter>Fichiers sources</Filter>
    </ClCompile>
    <ClCompile Include="framework\fwTexture.cpp">
      <Filter>Fichiers sources</Filter>
    </ClCompile>
    <ClCompile Include="framework\fwUniform.cpp">
      <Filter>Fichiers sources</Filter>
    </ClCompile>
    <ClCompile Include="framework\fwFrustum.cpp">
      <Filter>Fichiers sources</Filter>
    </ClCompile>
    <ClCompile Include="framework\math\fwPlane.cpp">
      <Filter>Fichiers sources</Filter>
    </ClCompile>
    <ClCompile Include="framework\math\fwSphere.cpp">
      <Filter>Fichiers sources</Filter>
    </ClCompile>
    <ClCompile Include="framework\math\fwBox3.cpp">
      <Filter>Fichiers sources</Filter>
    </ClCompile>
    <ClCompile Include="framework\fwSprite.cpp">
      <Filter>Fichiers sources</Filter>
    </ClCompile>
    <ClCompile Include="framework\materials\fwSpriteMaterial.cpp">
      <Filter>Fichiers sources</Filter>
    </ClCompile>
    <ClCompile Include="glEngine\glDynamicBufferAttribute.cpp">
      <Filter>Fichiers sources</Filter>
    </ClCompile>
    <ClCompile Include="framework\materials\fwBloomMaterial.cpp">
      <Filter>Fichiers sources</Filter>
    </ClCompile>
    <ClCompile Include="framework\fwMaterialDiffuse.cpp">
      <Filter>Fichiers sources</Filter>
    </ClCompile>
    <ClCompile Include="framework\render\fwRendererDefered.cpp">
      <Filter>Fichiers sources</Filter>
    </ClCompile>
    <ClCompile Include="glEngine\glGBuffer.cpp">
      <Filter>Fichiers sources</Filter>
    </ClCompile>
    <ClCompile Include="framework\materials\fwMaterialDirectionalLight.cpp">
      <Filter>Fichiers sources</Filter>
    </ClCompile>
    <ClCompile Include="framework\fwRenderer.cpp">
      <Filter>Fichiers sources</Filter>
    </ClCompile>
    <ClCompile Include="framework\render\fwRendererForward.cpp">
      <Filter>Fichiers sources</Filter>
    </ClCompile>
    <ClCompile Include="framework\materials\fwMaterialDepth.cpp">
      <Filter>Fichiers sources</Filter>
    </ClCompile>
    <ClCompile Include="framework\postprocessing\fwPostProcessingBloom.cpp">
      <Filter>Fichiers sources</Filter>
    </ClCompile>
    <ClCompile Include="framework\postprocessing\fwPostProcessingDirectLight.cpp">
      <Filter>Fichiers sources</Filter>
    </ClCompile>
    <ClCompile Include="framework\mesh\fwMeshSkinned.cpp">
      <Filter>Fichiers sources</Filter>
    </ClCompile>
    <ClCompile Include="framework\fwBoneInfo.cpp">
      <Filter>Fichiers sources</Filter>
    </ClCompile>
    <ClCompile Include="framework\fwAnimationKeyframe.cpp">
      <Filter>Fichiers sources</Filter>
    </ClCompile>
    <ClCompile Include="framework\fwAnimation.cpp">
      <Filter>Fichiers sources</Filter>
    </ClCompile>
    <ClCompile Include="framework\Loader.cpp">
      <Filter>Fichiers sources</Filter>
    </ClCompile>
  </ItemGroup>
  <ItemGroup>
    <ClInclude Include="glad\glad.h">
      <Filter>Fichiers d%27en-tête</Filter>
    </ClInclude>
    <ClInclude Include="KHR\khrplatform.h">
      <Filter>Fichiers d%27en-tête</Filter>
    </ClInclude>
    <ClInclude Include="List.h">
      <Filter>Fichiers d%27en-tête</Filter>
    </ClInclude>
    <ClInclude Include="Element.h">
      <Filter>Fichiers d%27en-tête</Filter>
    </ClInclude>
    <ClInclude Include="glEngine\glProgram.h">
      <Filter>Fichiers d%27en-tête</Filter>
    </ClInclude>
    <ClInclude Include="include\stb_image.h">
      <Filter>Fichiers d%27en-tête</Filter>
    </ClInclude>
    <ClInclude Include="glEngine\glShader.h">
      <Filter>Fichiers d%27en-tête</Filter>
    </ClInclude>
    <ClInclude Include="framework\SphereGemeotry.h">
      <Filter>Fichiers d%27en-tête</Filter>
    </ClInclude>
    <ClInclude Include="glEngine\glBufferAttribute.h">
      <Filter>Fichiers d%27en-tête</Filter>
    </ClInclude>
    <ClInclude Include="glEngine\glBufferObject.h">
      <Filter>Fichiers d%27en-tête</Filter>
    </ClInclude>
    <ClInclude Include="glEngine\glUniform.h">
      <Filter>Fichiers d%27en-tête</Filter>
    </ClInclude>
    <ClInclude Include="glEngine\glVertexArray.h">
      <Filter>Fichiers d%27en-tête</Filter>
    </ClInclude>
    <ClInclude Include="glEngine\glVertexAttribute.h">
      <Filter>Fichiers d%27en-tête</Filter>
    </ClInclude>
    <ClInclude Include="Reference.h">
      <Filter>Fichiers d%27en-tête</Filter>
    </ClInclude>
    <ClInclude Include="glEngine\glFrameBuffer.h">
      <Filter>Fichiers d%27en-tête</Filter>
    </ClInclude>
    <ClInclude Include="glEngine\glRenderBuffer.h">
      <Filter>Fichiers d%27en-tête</Filter>
    </ClInclude>
    <ClInclude Include="glEngine\glTexture.h">
      <Filter>Fichiers d%27en-tête</Filter>
    </ClInclude>
    <ClInclude Include="framework\fwPostProcessing.h">
      <Filter>Fichiers d%27en-tête</Filter>
    </ClInclude>
    <ClInclude Include="glEngine\glCubeTexture.h">
      <Filter>Fichiers d%27en-tête</Filter>
    </ClInclude>
    <ClInclude Include="framework\fwSkybox.h">
      <Filter>Fichiers d%27en-tête</Filter>
    </ClInclude>
    <ClInclude Include="framework\controls\fwOrbitControl.h">
      <Filter>Fichiers d%27en-tête</Filter>
    </ClInclude>
    <ClInclude Include="myApp.h">
      <Filter>Fichiers d%27en-tête</Filter>
    </ClInclude>
    <ClInclude Include="framework\fwApp.h">
      <Filter>Fichiers d%27en-tête</Filter>
    </ClInclude>
    <ClInclude Include="glEngine\glUniformBuffer.h">
      <Filter>Fichiers d%27en-tête</Filter>
    </ClInclude>
    <ClInclude Include="framework\fwObject3D.h">
      <Filter>Fichiers d%27en-tête</Filter>
    </ClInclude>
    <ClInclude Include="framework\fwScene.h">
      <Filter>Fichiers d%27en-tête</Filter>
    </ClInclude>
    <ClInclude Include="framework\fwMesh.h">
      <Filter>Fichiers d%27en-tête</Filter>
    </ClInclude>
    <ClInclude Include="framework\fwInstancedMesh.h">
      <Filter>Fichiers d%27en-tête</Filter>
    </ClInclude>
    <ClInclude Include="glEngine\glInstancedBufferAttribute.h">
      <Filter>Fichiers d%27en-tête</Filter>
    </ClInclude>
    <ClInclude Include="glEngine\glInstancedVertexArray.h">
      <Filter>Fichiers d%27en-tête</Filter>
    </ClInclude>
    <ClInclude Include="framework\fwGeometry.h">
      <Filter>Fichiers d%27en-tête</Filter>
    </ClInclude>
    <ClInclude Include="framework\fwMaterial.h">
      <Filter>Fichiers d%27en-tête</Filter>
    </ClInclude>
    <ClInclude Include="framework\fwMaterialBasic.h">
      <Filter>Fichiers d%27en-tête</Filter>
    </ClInclude>
    <ClInclude Include="framework\geometries\fwPlaneGeometry.h">
      <Filter>Fichiers d%27en-tête</Filter>
    </ClInclude>
    <ClInclude Include="framework\materials\fwOutlineMaterial.h">
      <Filter>Fichiers d%27en-tête</Filter>
    </ClInclude>
    <ClInclude Include="framework\materials\fwNormalHelperMaterial.h">
      <Filter>Fichiers d%27en-tête</Filter>
    </ClInclude>
    <ClInclude Include="framework\lights\fwDirectionLight.h">
      <Filter>Fichiers d%27en-tête</Filter>
    </ClInclude>
    <ClInclude Include="framework\lights\fwSpotLight.h">
      <Filter>Fichiers d%27en-tête</Filter>
    </ClInclude>
    <ClInclude Include="framework\lights\fwPointLight.h">
      <Filter>Fichiers d%27en-tête</Filter>
    </ClInclude>
    <ClInclude Include="framework\geometries\fwBoxGeometry.h">
      <Filter>Fichiers d%27en-tête</Filter>
    </ClInclude>
    <ClInclude Include="framework\fwLight.h">
      <Filter>Fichiers d%27en-tête</Filter>
    </ClInclude>
    <ClInclude Include="framework\fwCamera.h">
      <Filter>Fichiers d%27en-tête</Filter>
    </ClInclude>
    <ClInclude Include="glEngine\glColorMap.h">
      <Filter>Fichiers d%27en-tête</Filter>
    </ClInclude>
    <ClInclude Include="glEngine\glDepthMap.h">
      <Filter>Fichiers d%27en-tête</Filter>
    </ClInclude>
    <ClInclude Include="framework\camera\fwOrthographicCamera.h">
      <Filter>Fichiers d%27en-tête</Filter>
    </ClInclude>
    <ClInclude Include="glEngine\textures\glDepthTexture.h">
      <Filter>Fichiers d%27en-tête</Filter>
    </ClInclude>
    <ClInclude Include="framework\fwTexture.h">
      <Filter>Fichiers d%27en-tête</Filter>
    </ClInclude>
    <ClInclude Include="framework\fwUniform.h">
      <Filter>Fichiers d%27en-tête</Filter>
    </ClInclude>
    <ClInclude Include="framework\fwFrustum.h">
      <Filter>Fichiers d%27en-tête</Filter>
    </ClInclude>
    <ClInclude Include="framework\math\fwPlane.h">
      <Filter>Fichiers d%27en-tête</Filter>
    </ClInclude>
    <ClInclude Include="framework\math\fwSphere.h">
      <Filter>Fichiers d%27en-tête</Filter>
    </ClInclude>
    <ClInclude Include="framework\math\fwBox3.h">
      <Filter>Fichiers d%27en-tête</Filter>
    </ClInclude>
    <ClInclude Include="framework\fwSprite.h">
      <Filter>Fichiers d%27en-tête</Filter>
    </ClInclude>
    <ClInclude Include="framework\materials\fwSpriteMaterial.h">
      <Filter>Fichiers d%27en-tête</Filter>
    </ClInclude>
    <ClInclude Include="glEngine\glDynamicBufferAttribute.h">
      <Filter>Fichiers d%27en-tête</Filter>
    </ClInclude>
    <ClInclude Include="framework\materials\fwBloomMaterial.h">
      <Filter>Fichiers d%27en-tête</Filter>
    </ClInclude>
    <ClInclude Include="framework\fwMaterialDiffuse.h">
      <Filter>Fichiers d%27en-tête</Filter>
    </ClInclude>
    <ClInclude Include="framework\render\fwRendererDefered.h">
      <Filter>Fichiers d%27en-tête</Filter>
    </ClInclude>
    <ClInclude Include="glEngine\glGBuffer.h">
      <Filter>Fichiers d%27en-tête</Filter>
    </ClInclude>
    <ClInclude Include="framework\materials\fwMaterialDirectionalLight.h">
      <Filter>Fichiers d%27en-tête</Filter>
    </ClInclude>
    <ClInclude Include="framework\fwRenderer.h">
      <Filter>Fichiers d%27en-tête</Filter>
    </ClInclude>
    <ClInclude Include="framework\render\fwRendererForward.h">
      <Filter>Fichiers d%27en-tête</Filter>
    </ClInclude>
    <ClInclude Include="framework\materials\fwMaterialDepth.h">
      <Filter>Fichiers d%27en-tête</Filter>
    </ClInclude>
    <ClInclude Include="framework\postprocessing\fwPostProcessingBloom.h">
      <Filter>Fichiers d%27en-tête</Filter>
    </ClInclude>
    <ClInclude Include="framework\postprocessing\fwPostProcessingDirectLight.h">
      <Filter>Fichiers d%27en-tête</Filter>
    </ClInclude>
    <ClInclude Include="framework\fwBoneInfo.h">
      <Filter>Fichiers d%27en-tête</Filter>
    </ClInclude>
    <ClInclude Include="framework\mesh\fwMeshSkinned.h">
      <Filter>Fichiers d%27en-tête</Filter>
    </ClInclude>
    <ClInclude Include="framework\fwAnimationKeyframe.h">
      <Filter>Fichiers d%27en-tête</Filter>
    </ClInclude>
    <ClInclude Include="framework\fwAnimation.h">
      <Filter>Fichiers d%27en-tête</Filter>
    </ClInclude>
  </ItemGroup>
  <ItemGroup>
    <None Include="shaders\fragment.glsl">
      <Filter>Fichiers de ressources</Filter>
    </None>
    <None Include="shaders\vertex.glsl">
      <Filter>Fichiers de ressources</Filter>
    </None>
    <None Include="shaders\fragment_basic.glsl">
      <Filter>Fichiers de ressources</Filter>
    </None>
    <None Include="shaders\vertex_basic.glsl">
      <Filter>Fichiers de ressources</Filter>
    </None>
    <None Include="shaders\fragment_diffuse.glsl">
      <Filter>Fichiers de ressources</Filter>
    </None>
    <None Include="shaders\vertex_diffuse.glsl">
      <Filter>Fichiers de ressources</Filter>
    </None>
    <None Include="shaders\fragment_outline.glsl">
      <Filter>Fichiers de ressources</Filter>
    </None>
    <None Include="shaders\vertex_outline.glsl">
      <Filter>Fichiers de ressources</Filter>
    </None>
    <None Include="shaders\cubemap_fragment.glsl">
      <Filter>Fichiers de ressources</Filter>
    </None>
    <None Include="shaders\cubemap_vertex.glsl">
      <Filter>Fichiers de ressources</Filter>
    </None>
  </ItemGroup>
</Project>