<?xml version="1.0" encoding="utf-8"?>
<Project ToolsVersion="4.0" xmlns="http://schemas.microsoft.com/developer/msbuild/2003">
  <ItemGroup>
    <Filter Include="Fichiers sources">
      <UniqueIdentifier>{4FC737F1-C7A5-4376-A066-2A32D752A2FF}</UniqueIdentifier>
      <Extensions>cpp;c;cc;cxx;def;odl;idl;hpj;bat;asm;asmx</Extensions>
    </Filter>
    <Filter Include="Fichiers d%27en-tête">
      <UniqueIdentifier>{93995380-89BD-4b04-88EB-625FBE52EBFB}</UniqueIdentifier>
      <Extensions>h;hh;hpp;hxx;hm;inl;inc;ipp;xsd</Extensions>
    </Filter>
    <Filter Include="Fichiers de ressources">
      <UniqueIdentifier>{67DA6AB6-F800-4c08-8B7A-83BB121AAD01}</UniqueIdentifier>
      <Extensions>rc;ico;cur;bmp;dlg;rc2;rct;bin;rgs;gif;jpg;jpeg;jpe;resx;tiff;tif;png;wav;mfcribbon-ms</Extensions>
    </Filter>
    <Filter Include="Fichiers d%27en-tête\DarkForces">
      <UniqueIdentifier>{2e0d4703-e62a-48e6-a9d5-47b14d02dcf9}</UniqueIdentifier>
    </Filter>
    <Filter Include="Fichiers sources\Dark Forces">
      <UniqueIdentifier>{4572e5b4-3bee-454a-9ced-11c429ee4cf2}</UniqueIdentifier>
    </Filter>
    <Filter Include="Fichiers d%27en-tête\Framework">
      <UniqueIdentifier>{f62a26a9-c360-4191-a2fb-eefa2d473c66}</UniqueIdentifier>
    </Filter>
    <Filter Include="Fichiers sources\Framework">
      <UniqueIdentifier>{4b2e6873-3644-4083-a6fb-a48b89dc48aa}</UniqueIdentifier>
    </Filter>
    <Filter Include="Fichiers sources\opengl">
      <UniqueIdentifier>{af468bf6-d957-4d7f-af98-5e975607c30f}</UniqueIdentifier>
    </Filter>
    <Filter Include="Fichiers d%27en-tête\opengl">
      <UniqueIdentifier>{3811b373-7d83-4fe8-b43d-bf5973b6106b}</UniqueIdentifier>
    </Filter>
    <Filter Include="Fichiers de ressources\framework">
      <UniqueIdentifier>{8bacdfc5-bb3d-4882-badf-2c289d15a717}</UniqueIdentifier>
    </Filter>
    <Filter Include="Fichiers d%27en-tête\alEngine">
      <UniqueIdentifier>{b7904c14-165a-4f21-b0d5-e58dffb64594}</UniqueIdentifier>
    </Filter>
    <Filter Include="Fichiers sources\alEngine">
      <UniqueIdentifier>{e7a02abd-4fd9-4f36-ba6c-78df3897e420}</UniqueIdentifier>
    </Filter>
    <Filter Include="Fichiers d%27en-tête\gaEngine">
      <UniqueIdentifier>{fa8e8260-4074-4e86-a2b5-bea3dee04c53}</UniqueIdentifier>
    </Filter>
    <Filter Include="Fichiers sources\gaEngine">
      <UniqueIdentifier>{09191794-f75f-4791-8d57-4555f9c51fd1}</UniqueIdentifier>
    </Filter>
    <Filter Include="Fichiers d%27en-tête\gaEngine\gaComponent">
      <UniqueIdentifier>{08919598-abe8-49ea-9f90-b3f1514b008a}</UniqueIdentifier>
    </Filter>
    <Filter Include="Fichiers sources\gaEngine\gaComponent">
      <UniqueIdentifier>{8f995917-838f-46ec-9d38-3486f4f6b47b}</UniqueIdentifier>
    </Filter>
    <Filter Include="Fichiers d%27en-tête\DarkForces\dfComponent">
      <UniqueIdentifier>{7f0b9962-a69a-45d5-8492-b13790492516}</UniqueIdentifier>
    </Filter>
    <Filter Include="Fichiers sources\Dark Forces\dfComponent">
      <UniqueIdentifier>{49281473-9b0b-4cac-8b25-d7c5dd940786}</UniqueIdentifier>
    </Filter>
    <Filter Include="Fichiers d%27en-tête\DarkForces\dfObject">
      <UniqueIdentifier>{e89a3403-02b5-498f-8024-19b28736c505}</UniqueIdentifier>
    </Filter>
    <Filter Include="Fichiers sources\Dark Forces\dfObject">
      <UniqueIdentifier>{dfc6f7a8-33db-41b8-92fb-390d7583198c}</UniqueIdentifier>
    </Filter>
    <Filter Include="Fichiers d%27en-tête\Framework\geometry">
      <UniqueIdentifier>{c45a85c4-a4b8-4ada-84fc-1ebb0c37cf90}</UniqueIdentifier>
    </Filter>
    <Filter Include="Fichiers sources\Framework\geometry">
      <UniqueIdentifier>{2536919c-5da6-45bc-a75f-426e19da7848}</UniqueIdentifier>
    </Filter>
    <Filter Include="Fichiers d%27en-tête\DarkForces\lexer">
      <UniqueIdentifier>{d7e0e86b-61b8-49ea-b681-92b927cda70d}</UniqueIdentifier>
    </Filter>
    <Filter Include="Fichiers d%27en-tête\DarkForces\dfObject\dfObject3D">
      <UniqueIdentifier>{7891abe1-c15f-4926-927e-b0c1a8464519}</UniqueIdentifier>
    </Filter>
    <Filter Include="Fichiers sources\Dark Forces\dfObject\dfObject3D">
      <UniqueIdentifier>{4bd2dc8d-4565-43be-b434-9a80900e43fb}</UniqueIdentifier>
    </Filter>
    <Filter Include="Fichiers d%27en-tête\DarkForces\dfObject\dfSprite">
      <UniqueIdentifier>{bc5bc72e-268a-49c4-b898-d7e164643582}</UniqueIdentifier>
    </Filter>
    <Filter Include="Fichiers d%27en-tête\DarkForces\dfObject\dfSprite\dfSpriteAnimated">
      <UniqueIdentifier>{b050ea31-02aa-4fbe-8e2a-8fc7b7fa9bad}</UniqueIdentifier>
    </Filter>
    <Filter Include="Fichiers d%27en-tête\Framework\math">
      <UniqueIdentifier>{463a39e8-292e-4dfd-ae5a-7a17e03e4802}</UniqueIdentifier>
    </Filter>
    <Filter Include="Fichiers sources\Framework\math">
      <UniqueIdentifier>{0ee94ef7-ac78-4118-b770-7fb62d6fae32}</UniqueIdentifier>
    </Filter>
    <Filter Include="Fichiers d%27en-tête\flightRecorder">
      <UniqueIdentifier>{d6051bce-78ff-475a-9827-263a36415621}</UniqueIdentifier>
    </Filter>
    <Filter Include="Fichiers sources\flightRecorder">
      <UniqueIdentifier>{c49bf31b-a9ee-4916-9833-cdd48c16d454}</UniqueIdentifier>
    </Filter>
    <Filter Include="Fichiers d%27en-tête\DarkForces\flightRecorder">
      <UniqueIdentifier>{914054cd-b39c-4a48-b8ed-f0f8aaaf46ef}</UniqueIdentifier>
    </Filter>
    <Filter Include="Fichiers d%27en-tête\DarkForces\dfComponent\InfElevator">
      <UniqueIdentifier>{4405f5da-3328-42a3-883e-20f96081965c}</UniqueIdentifier>
    </Filter>
    <Filter Include="Fichiers sources\Dark Forces\dfComponent\InfElevator">
      <UniqueIdentifier>{228379d2-a016-4e8f-8ab7-d79c36af7040}</UniqueIdentifier>
    </Filter>
    <Filter Include="Fichiers d%27en-tête\DarkForces\gaEntity">
      <UniqueIdentifier>{b111c369-2c66-40f5-a732-d483855adec1}</UniqueIdentifier>
    </Filter>
    <Filter Include="Fichiers sources\Dark Forces\gaEntity">
      <UniqueIdentifier>{76c92ba4-2b68-49e5-ac6d-822780f689ee}</UniqueIdentifier>
    </Filter>
    <Filter Include="Fichiers sources\Dark Forces\dfComponent\InfElevator\InfElevatorVertical">
      <UniqueIdentifier>{6ea4659c-6410-496a-877e-f77ed4f27d39}</UniqueIdentifier>
    </Filter>
    <Filter Include="Fichiers d%27en-tête\DarkForces\dfComponent\InfElevator\InElevatorVertical">
      <UniqueIdentifier>{90ca1ee8-72da-4ffa-bb6f-749a5bc1bc98}</UniqueIdentifier>
    </Filter>
    <Filter Include="Fichiers d%27en-tête\DarkForces\dfComponent\InfElevator\InfElevatorRotate">
      <UniqueIdentifier>{c215aedc-130d-419a-9e18-277a59ae9f15}</UniqueIdentifier>
    </Filter>
    <Filter Include="Fichiers sources\Dark Forces\dfComponent\InfElevator\InfElevatorRotate">
      <UniqueIdentifier>{5a9bf281-b268-4962-82d7-5b706b7e5f2a}</UniqueIdentifier>
    </Filter>
    <Filter Include="Fichiers d%27en-tête\DarkForces\dfComponent\InfElevator\InfElevatorHorizontal">
      <UniqueIdentifier>{d5161e13-5a7a-4a2b-a308-d766c0664dc9}</UniqueIdentifier>
    </Filter>
    <Filter Include="Fichiers sources\Dark Forces\dfComponent\InfElevator\InfElevatorHorizontal">
      <UniqueIdentifier>{ec599590-c51e-46f1-ad8f-cf8caea166ff}</UniqueIdentifier>
    </Filter>
    <Filter Include="Fichiers d%27en-tête\include">
      <UniqueIdentifier>{fcaaca7f-e114-4699-9d8e-06eb47c30129}</UniqueIdentifier>
    </Filter>
    <Filter Include="Fichiers d%27en-tête\gaEngine\flightRecorder">
      <UniqueIdentifier>{1c61678b-019d-4fed-9b5b-dd6de2de1229}</UniqueIdentifier>
    </Filter>
    <Filter Include="Fichiers d%27en-tête\gaEngine\gaBehaviorNode">
      <UniqueIdentifier>{38fbe161-0bb6-4d39-bf9a-e5419a61aeb1}</UniqueIdentifier>
    </Filter>
    <Filter Include="Fichiers sources\gaEngine\gaBehaviorNode">
      <UniqueIdentifier>{4c0489cd-f89b-49f0-9489-92bb065bb717}</UniqueIdentifier>
    </Filter>
    <Filter Include="Fichiers d%27en-tête\DarkForces\gaBehaviorNode">
      <UniqueIdentifier>{f83fe856-39fd-4b95-bc1f-18c5883f99fa}</UniqueIdentifier>
    </Filter>
    <Filter Include="Fichiers sources\Dark Forces\gaBehaviorNode">
      <UniqueIdentifier>{67550554-80e1-4313-8f44-4c0a93e53a79}</UniqueIdentifier>
    </Filter>
    <Filter Include="Fichiers sources\include">
      <UniqueIdentifier>{c8391840-c786-4e0b-b9a2-b07d12d2d006}</UniqueIdentifier>
    </Filter>
    <Filter Include="Fichiers d%27en-tête\DarkForces\dfComponent\dfCSprite">
      <UniqueIdentifier>{6d42cc4d-0c12-4f2a-855f-ffcfe7d54f23}</UniqueIdentifier>
    </Filter>
    <Filter Include="Fichiers sources\Dark Forces\dfComponent\dfCSprite">
      <UniqueIdentifier>{6779f5da-0b57-47a6-b201-caa653b784e2}</UniqueIdentifier>
    </Filter>
    <Filter Include="Fichiers d%27en-tête\gaEngine\gaPlugins">
      <UniqueIdentifier>{8a94e5c1-06ed-4cc7-9eef-c66309c76424}</UniqueIdentifier>
    </Filter>
    <Filter Include="Fichiers sources\gaEngine\gaPlugins">
      <UniqueIdentifier>{8c9c86a6-a5aa-4f4e-b379-cab5855540aa}</UniqueIdentifier>
    </Filter>
    <Filter Include="Fichiers d%27en-tête\DarkForces\dfPlugin">
      <UniqueIdentifier>{5a646350-ae0e-4ac7-ab13-f423ae4e2a7c}</UniqueIdentifier>
    </Filter>
    <Filter Include="Fichiers sources\Dark Forces\dfPlugin">
      <UniqueIdentifier>{ef667e4d-9402-4346-8d05-a1736875f93c}</UniqueIdentifier>
    </Filter>
    <Filter Include="Fichiers sources\Dark Forces\prefab">
      <UniqueIdentifier>{d9a1e9f4-9a4b-4248-bc58-0179185d3c7f}</UniqueIdentifier>
    </Filter>
    <Filter Include="Fichiers d%27en-tête\DarkForces\prefab">
      <UniqueIdentifier>{bf5c22c9-234e-43c8-b06a-138f033205a6}</UniqueIdentifier>
    </Filter>
    <Filter Include="Fichiers de ressources\DarkForces">
      <UniqueIdentifier>{9599834f-c23a-4a6e-9d3a-03541f3d0ed0}</UniqueIdentifier>
    </Filter>
    <Filter Include="Fichiers de ressources\DarkForces\AI">
      <UniqueIdentifier>{50005e01-8e8e-4b10-aa1b-e6e8f7bcbfa2}</UniqueIdentifier>
    </Filter>
  </ItemGroup>
  <ItemGroup>
    <ClCompile Include="Source.cpp">
      <Filter>Fichiers sources</Filter>
    </ClCompile>
    <ClCompile Include="glad.c">
      <Filter>Fichiers sources</Filter>
    </ClCompile>
    <ClCompile Include="List.cpp">
      <Filter>Fichiers sources</Filter>
    </ClCompile>
    <ClCompile Include="Element.cpp">
      <Filter>Fichiers sources</Filter>
    </ClCompile>
    <ClCompile Include="stb.cpp">
      <Filter>Fichiers sources</Filter>
    </ClCompile>
    <ClCompile Include="Reference.cpp">
      <Filter>Fichiers sources</Filter>
    </ClCompile>
    <ClCompile Include="myApp.cpp">
      <Filter>Fichiers sources</Filter>
    </ClCompile>
    <ClCompile Include="framework\Loader.cpp">
      <Filter>Fichiers sources</Filter>
    </ClCompile>
    <ClCompile Include="myDarkForces.cpp">
      <Filter>Fichiers sources</Filter>
    </ClCompile>
    <ClCompile Include="darkforces\dfAtlasTexture.cpp">
      <Filter>Fichiers sources\Dark Forces</Filter>
    </ClCompile>
    <ClCompile Include="darkforces\dfBitmap.cpp">
      <Filter>Fichiers sources\Dark Forces</Filter>
    </ClCompile>
    <ClCompile Include="darkforces\dfCollision.cpp">
      <Filter>Fichiers sources\Dark Forces</Filter>
    </ClCompile>
    <ClCompile Include="darkforces\dfFileGOB.cpp">
      <Filter>Fichiers sources\Dark Forces</Filter>
    </ClCompile>
    <ClCompile Include="darkforces\dfFileSystem.cpp">
      <Filter>Fichiers sources\Dark Forces</Filter>
    </ClCompile>
    <ClCompile Include="darkforces\dfModel\dfFME.cpp">
      <Filter>Fichiers sources\Dark Forces</Filter>
    </ClCompile>
    <ClCompile Include="darkforces\dfFrame.cpp">
      <Filter>Fichiers sources\Dark Forces</Filter>
    </ClCompile>
    <ClCompile Include="darkforces\dfGame.cpp">
      <Filter>Fichiers sources\Dark Forces</Filter>
    </ClCompile>
    <ClCompile Include="darkforces\dfLevel.cpp">
      <Filter>Fichiers sources\Dark Forces</Filter>
    </ClCompile>
    <ClCompile Include="darkforces\dfLogicStop.cpp">
      <Filter>Fichiers sources\Dark Forces</Filter>
    </ClCompile>
    <ClCompile Include="darkforces\dfLogicTrigger.cpp">
      <Filter>Fichiers sources\Dark Forces</Filter>
    </ClCompile>
    <ClCompile Include="darkforces\dfMesh.cpp">
      <Filter>Fichiers sources\Dark Forces</Filter>
    </ClCompile>
    <ClCompile Include="darkforces\dfModel.cpp">
      <Filter>Fichiers sources\Dark Forces</Filter>
    </ClCompile>
    <ClCompile Include="darkforces\dfObject.cpp">
      <Filter>Fichiers sources\Dark Forces</Filter>
    </ClCompile>
    <ClCompile Include="darkforces\dfPalette.cpp">
      <Filter>Fichiers sources\Dark Forces</Filter>
    </ClCompile>
    <ClCompile Include="darkforces\dfParseINF.cpp">
      <Filter>Fichiers sources\Dark Forces</Filter>
    </ClCompile>
    <ClCompile Include="darkforces\dfParserObjects.cpp">
      <Filter>Fichiers sources\Dark Forces</Filter>
    </ClCompile>
    <ClCompile Include="darkforces\dfSector.cpp">
      <Filter>Fichiers sources\Dark Forces</Filter>
    </ClCompile>
    <ClCompile Include="darkforces\dfSuperSector.cpp">
      <Filter>Fichiers sources\Dark Forces</Filter>
    </ClCompile>
    <ClCompile Include="darkforces\dfVue.cpp">
      <Filter>Fichiers sources\Dark Forces</Filter>
    </ClCompile>
    <ClCompile Include="darkforces\dfWall.cpp">
      <Filter>Fichiers sources\Dark Forces</Filter>
    </ClCompile>
    <ClCompile Include="darkforces\dfModel\dfWAX.cpp">
      <Filter>Fichiers sources\Dark Forces</Filter>
    </ClCompile>
    <ClCompile Include="darkforces\dfModel\df3DO.cpp">
      <Filter>Fichiers sources\Dark Forces</Filter>
    </ClCompile>
    <ClCompile Include="framework\fwAABBox.cpp">
      <Filter>Fichiers sources\Framework</Filter>
    </ClCompile>
    <ClCompile Include="framework\fwAnimation.cpp">
      <Filter>Fichiers sources\Framework</Filter>
    </ClCompile>
    <ClCompile Include="framework\fwAnimationKeyframe.cpp">
      <Filter>Fichiers sources\Framework</Filter>
    </ClCompile>
    <ClCompile Include="framework\fwApp.cpp">
      <Filter>Fichiers sources\Framework</Filter>
    </ClCompile>
    <ClCompile Include="framework\materials\fwBloomMaterial.cpp">
      <Filter>Fichiers sources\Framework</Filter>
    </ClCompile>
    <ClCompile Include="framework\fwBoneInfo.cpp">
      <Filter>Fichiers sources\Framework</Filter>
    </ClCompile>
    <ClCompile Include="framework\fwBoneInfoAnimation.cpp">
      <Filter>Fichiers sources\Framework</Filter>
    </ClCompile>
    <ClCompile Include="framework\math\fwBox3.cpp">
      <Filter>Fichiers sources\Framework</Filter>
    </ClCompile>
    <ClCompile Include="framework\geometries\fwBoxGeometry.cpp">
      <Filter>Fichiers sources\Framework</Filter>
    </ClCompile>
    <ClCompile Include="framework\fwCamera.cpp">
      <Filter>Fichiers sources\Framework</Filter>
    </ClCompile>
    <ClCompile Include="framework\camera\fwCameraPanoramic.cpp">
      <Filter>Fichiers sources\Framework</Filter>
    </ClCompile>
    <ClCompile Include="framework\fwCollision.cpp">
      <Filter>Fichiers sources\Framework</Filter>
    </ClCompile>
    <ClCompile Include="framework\fwControl.cpp">
      <Filter>Fichiers sources\Framework</Filter>
    </ClCompile>
    <ClCompile Include="framework\controls\fwControlThirdPerson.cpp">
      <Filter>Fichiers sources\Framework</Filter>
    </ClCompile>
    <ClCompile Include="framework\lights\fwDirectionLight.cpp">
      <Filter>Fichiers sources\Framework</Filter>
    </ClCompile>
    <ClCompile Include="framework\fwFrustum.cpp">
      <Filter>Fichiers sources\Framework</Filter>
    </ClCompile>
    <ClCompile Include="framework\fwGeometry.cpp">
      <Filter>Fichiers sources\Framework</Filter>
    </ClCompile>
    <ClCompile Include="framework\geometries\fwGeometrySphere.cpp">
      <Filter>Fichiers sources\Framework</Filter>
    </ClCompile>
    <ClCompile Include="framework\fwInstancedMesh.cpp">
      <Filter>Fichiers sources\Framework</Filter>
    </ClCompile>
    <ClCompile Include="framework\fwLight.cpp">
      <Filter>Fichiers sources\Framework</Filter>
    </ClCompile>
    <ClCompile Include="framework\fwMaterial.cpp">
      <Filter>Fichiers sources\Framework</Filter>
    </ClCompile>
    <ClCompile Include="framework\fwMaterialBasic.cpp">
      <Filter>Fichiers sources\Framework</Filter>
    </ClCompile>
    <ClCompile Include="framework\materials\fwMaterialDeferedLights.cpp">
      <Filter>Fichiers sources\Framework</Filter>
    </ClCompile>
    <ClCompile Include="framework\fwMaterialDiffuse.cpp">
      <Filter>Fichiers sources\Framework</Filter>
    </ClCompile>
    <ClCompile Include="framework\fwMesh.cpp">
      <Filter>Fichiers sources\Framework</Filter>
    </ClCompile>
    <ClCompile Include="framework\mesh\fwMeshSkinned.cpp">
      <Filter>Fichiers sources\Framework</Filter>
    </ClCompile>
    <ClCompile Include="framework\materials\fwNormalHelperMaterial.cpp">
      <Filter>Fichiers sources\Framework</Filter>
    </ClCompile>
    <ClCompile Include="framework\fwObject3D.cpp">
      <Filter>Fichiers sources\Framework</Filter>
    </ClCompile>
    <ClCompile Include="framework\controls\fwOrbitControl.cpp">
      <Filter>Fichiers sources\Framework</Filter>
    </ClCompile>
    <ClCompile Include="framework\camera\fwOrthographicCamera.cpp">
      <Filter>Fichiers sources\Framework</Filter>
    </ClCompile>
    <ClCompile Include="framework\materials\fwOutlineMaterial.cpp">
      <Filter>Fichiers sources\Framework</Filter>
    </ClCompile>
    <ClCompile Include="framework\fwParticles.cpp">
      <Filter>Fichiers sources\Framework</Filter>
    </ClCompile>
    <ClCompile Include="framework\math\fwPlane.cpp">
      <Filter>Fichiers sources\Framework</Filter>
    </ClCompile>
    <ClCompile Include="framework\geometries\fwPlaneGeometry.cpp">
      <Filter>Fichiers sources\Framework</Filter>
    </ClCompile>
    <ClCompile Include="framework\lights\fwPointLight.cpp">
      <Filter>Fichiers sources\Framework</Filter>
    </ClCompile>
    <ClCompile Include="framework\fwPostProcessing.cpp">
      <Filter>Fichiers sources\Framework</Filter>
    </ClCompile>
    <ClCompile Include="framework\postprocessing\fwPostProcessingBloom.cpp">
      <Filter>Fichiers sources\Framework</Filter>
    </ClCompile>
    <ClCompile Include="framework\fwRenderer.cpp">
      <Filter>Fichiers sources\Framework</Filter>
    </ClCompile>
    <ClCompile Include="framework\render\fwRendererDefered.cpp">
      <Filter>Fichiers sources\Framework</Filter>
    </ClCompile>
    <ClCompile Include="framework\render\fwRendererForward.cpp">
      <Filter>Fichiers sources\Framework</Filter>
    </ClCompile>
    <ClCompile Include="framework\fwScene.cpp">
      <Filter>Fichiers sources\Framework</Filter>
    </ClCompile>
    <ClCompile Include="framework\math\fwSphere.cpp">
      <Filter>Fichiers sources\Framework</Filter>
    </ClCompile>
    <ClCompile Include="framework\lights\fwSpotLight.cpp">
      <Filter>Fichiers sources\Framework</Filter>
    </ClCompile>
    <ClCompile Include="framework\fwSprites.cpp">
      <Filter>Fichiers sources\Framework</Filter>
    </ClCompile>
    <ClCompile Include="framework\fwTexture.cpp">
      <Filter>Fichiers sources\Framework</Filter>
    </ClCompile>
    <ClCompile Include="framework\fwTextures.cpp">
      <Filter>Fichiers sources\Framework</Filter>
    </ClCompile>
    <ClCompile Include="framework\fwUniform.cpp">
      <Filter>Fichiers sources\Framework</Filter>
    </ClCompile>
    <ClCompile Include="glEngine\glBufferAttribute.cpp">
      <Filter>Fichiers sources\opengl</Filter>
    </ClCompile>
    <ClCompile Include="glEngine\glBufferObject.cpp">
      <Filter>Fichiers sources\opengl</Filter>
    </ClCompile>
    <ClCompile Include="glEngine\glColorMap.cpp">
      <Filter>Fichiers sources\opengl</Filter>
    </ClCompile>
    <ClCompile Include="glEngine\glCubeTexture.cpp">
      <Filter>Fichiers sources\opengl</Filter>
    </ClCompile>
    <ClCompile Include="glEngine\textures\glCubeTextureDepth.cpp">
      <Filter>Fichiers sources\opengl</Filter>
    </ClCompile>
    <ClCompile Include="glEngine\framebuffer\glDepthCubeMap.cpp">
      <Filter>Fichiers sources\opengl</Filter>
    </ClCompile>
    <ClCompile Include="glEngine\glDepthMap.cpp">
      <Filter>Fichiers sources\opengl</Filter>
    </ClCompile>
    <ClCompile Include="glEngine\textures\glDepthTexture.cpp">
      <Filter>Fichiers sources\opengl</Filter>
    </ClCompile>
    <ClCompile Include="glEngine\glDynamicBufferAttribute.cpp">
      <Filter>Fichiers sources\opengl</Filter>
    </ClCompile>
    <ClCompile Include="glEngine\glFrameBuffer.cpp">
      <Filter>Fichiers sources\opengl</Filter>
    </ClCompile>
    <ClCompile Include="glEngine\glGBuffer.cpp">
      <Filter>Fichiers sources\opengl</Filter>
    </ClCompile>
    <ClCompile Include="glEngine\glInstancedBufferAttribute.cpp">
      <Filter>Fichiers sources\opengl</Filter>
    </ClCompile>
    <ClCompile Include="glEngine\glInstancedVertexArray.cpp">
      <Filter>Fichiers sources\opengl</Filter>
    </ClCompile>
    <ClCompile Include="glEngine\glProgram.cpp">
      <Filter>Fichiers sources\opengl</Filter>
    </ClCompile>
    <ClCompile Include="glEngine\glRenderBuffer.cpp">
      <Filter>Fichiers sources\opengl</Filter>
    </ClCompile>
    <ClCompile Include="glEngine\glShader.cpp">
      <Filter>Fichiers sources\opengl</Filter>
    </ClCompile>
    <ClCompile Include="glEngine\glTexture.cpp">
      <Filter>Fichiers sources\opengl</Filter>
    </ClCompile>
    <ClCompile Include="glEngine\glTextureArray.cpp">
      <Filter>Fichiers sources\opengl</Filter>
    </ClCompile>
    <ClCompile Include="glEngine\glUniform.cpp">
      <Filter>Fichiers sources\opengl</Filter>
    </ClCompile>
    <ClCompile Include="glEngine\glUniformBlock.cpp">
      <Filter>Fichiers sources\opengl</Filter>
    </ClCompile>
    <ClCompile Include="glEngine\glUniformBuffer.cpp">
      <Filter>Fichiers sources\opengl</Filter>
    </ClCompile>
    <ClCompile Include="glEngine\glVertexArray.cpp">
      <Filter>Fichiers sources\opengl</Filter>
    </ClCompile>
    <ClCompile Include="glEngine\glVertexAttribute.cpp">
      <Filter>Fichiers sources\opengl</Filter>
    </ClCompile>
    <ClCompile Include="framework\fwBackground.cpp">
      <Filter>Fichiers sources\Framework</Filter>
    </ClCompile>
    <ClCompile Include="framework\background\fwSkybox.cpp">
      <Filter>Fichiers sources\Framework</Filter>
    </ClCompile>
    <ClCompile Include="framework\background\fwSkyline.cpp">
      <Filter>Fichiers sources\Framework</Filter>
    </ClCompile>
    <ClCompile Include="framework\fwHUDelement.cpp">
      <Filter>Fichiers sources\Framework</Filter>
    </ClCompile>
    <ClCompile Include="framework\fwHUD.cpp">
      <Filter>Fichiers sources\Framework</Filter>
    </ClCompile>
    <ClCompile Include="framework\fwFlatPanel.cpp">
      <Filter>Fichiers sources\Framework</Filter>
    </ClCompile>
    <ClCompile Include="darkforces\dfVOC.cpp">
      <Filter>Fichiers sources\Dark Forces</Filter>
    </ClCompile>
    <ClCompile Include="alEngine\alSource.cpp">
      <Filter>Fichiers sources\alEngine</Filter>
    </ClCompile>
    <ClCompile Include="alEngine\alSound.cpp">
      <Filter>Fichiers sources\alEngine</Filter>
    </ClCompile>
    <ClCompile Include="alEngine\alListener.cpp">
      <Filter>Fichiers sources\alEngine</Filter>
    </ClCompile>
    <ClCompile Include="gaEngine\gaActor.cpp">
      <Filter>Fichiers sources\gaEngine</Filter>
    </ClCompile>
    <ClCompile Include="framework\math\fwCylinder.cpp">
      <Filter>Fichiers sources\Framework</Filter>
    </ClCompile>
    <ClCompile Include="gaEngine\gaBoundingBoxes.cpp">
      <Filter>Fichiers sources\gaEngine</Filter>
    </ClCompile>
    <ClCompile Include="gaEngine\gaDebug.cpp">
      <Filter>Fichiers sources\gaEngine</Filter>
    </ClCompile>
    <ClCompile Include="gaEngine\gaCollisionPoint.cpp">
      <Filter>Fichiers sources\gaEngine</Filter>
    </ClCompile>
    <ClCompile Include="gaEngine\gaEntity.cpp">
      <Filter>Fichiers sources\gaEngine</Filter>
    </ClCompile>
    <ClCompile Include="gaEngine\gaMessage.cpp">
      <Filter>Fichiers sources\gaEngine</Filter>
    </ClCompile>
    <ClCompile Include="darkforces\dfBullet.cpp">
      <Filter>Fichiers sources\Dark Forces</Filter>
    </ClCompile>
    <ClCompile Include="gaEngine\gaComponent.cpp">
      <Filter>Fichiers sources\gaEngine</Filter>
    </ClCompile>
    <ClCompile Include="gaEngine\gaComponent\gaComponentMesh.cpp">
      <Filter>Fichiers sources\gaEngine\gaComponent</Filter>
    </ClCompile>
    <ClCompile Include="darkforces\dfComponent\dfCActor.cpp">
      <Filter>Fichiers sources\Dark Forces\dfComponent</Filter>
    </ClCompile>
    <ClCompile Include="darkforces\dfObject\dfBulletExplode.cpp">
      <Filter>Fichiers sources\Dark Forces\dfObject</Filter>
    </ClCompile>
    <ClCompile Include="framework\geometries\fwGeometryCylinder.cpp">
      <Filter>Fichiers sources\Framework\geometry</Filter>
    </ClCompile>
    <ClCompile Include="gaEngine\Lexer.cpp">
      <Filter>Fichiers sources\gaEngine</Filter>
    </ClCompile>
    <ClCompile Include="gaEngine\Parser.cpp">
      <Filter>Fichiers sources\gaEngine</Filter>
    </ClCompile>
    <ClCompile Include="darkforces\dfComponent\dfComponentLogic.cpp">
      <Filter>Fichiers sources\Dark Forces\dfComponent</Filter>
    </ClCompile>
    <ClCompile Include="gaEngine\Collider.cpp">
      <Filter>Fichiers sources\gaEngine</Filter>
    </ClCompile>
    <ClCompile Include="gaEngine\AABBBox.cpp">
      <Filter>Fichiers sources</Filter>
    </ClCompile>
    <ClCompile Include="gaEngine\AABBoxTree.cpp">
      <Filter>Fichiers sources\gaEngine</Filter>
    </ClCompile>
    <ClCompile Include="gaEngine\gaComponent\ComponentControler.cpp">
      <Filter>Fichiers sources\gaEngine\gaComponent</Filter>
    </ClCompile>
    <ClCompile Include="gaEngine\Physics.cpp">
      <Filter>Fichiers sources\gaEngine</Filter>
    </ClCompile>
    <ClCompile Include="darkforces\dfObject\dfObject3D\MouseBot.cpp">
      <Filter>Fichiers sources\Dark Forces\dfObject\dfObject3D</Filter>
    </ClCompile>
    <ClCompile Include="darkforces\dfComponent\AIMouseBot.cpp">
      <Filter>Fichiers sources\Dark Forces\dfComponent</Filter>
    </ClCompile>
    <ClCompile Include="framework\math\Segment.cpp">
      <Filter>Fichiers sources\Framework\math</Filter>
    </ClCompile>
    <ClCompile Include="gaEngine\Model.cpp">
      <Filter>Fichiers sources\gaEngine</Filter>
    </ClCompile>
    <ClCompile Include="gaEngine\World.cpp">
      <Filter>Fichiers sources\gaEngine</Filter>
    </ClCompile>
    <ClCompile Include="flightRecorder\Blackbox.cpp">
      <Filter>Fichiers sources\flightRecorder</Filter>
    </ClCompile>
    <ClCompile Include="framework\fwDebug.cpp">
      <Filter>Fichiers sources\Framework</Filter>
    </ClCompile>
    <ClCompile Include="gaEngine\Debug.cpp">
      <Filter>Fichiers sources\gaEngine</Filter>
    </ClCompile>
    <ClCompile Include="darkforces\dfComponent\InfStandardTrigger.cpp">
      <Filter>Fichiers sources\Dark Forces\dfComponent</Filter>
    </ClCompile>
    <ClCompile Include="darkforces\dfComponent\InfElevator.cpp">
      <Filter>Fichiers sources\Dark Forces\dfComponent</Filter>
    </ClCompile>
    <ClCompile Include="darkforces\dfComponent\InfElevator\InfElevatorLight.cpp">
      <Filter>Fichiers sources\Dark Forces\dfComponent\InfElevator</Filter>
    </ClCompile>
    <ClCompile Include="darkforces\dfComponent\InfElevator\InfElevatorTranslate.cpp">
      <Filter>Fichiers sources\Dark Forces\dfComponent\InfElevator</Filter>
    </ClCompile>
    <ClCompile Include="darkforces\gaEntity\ElevatorDoor.cpp">
      <Filter>Fichiers sources\Dark Forces\gaEntity</Filter>
    </ClCompile>
    <ClCompile Include="gaEngine\gaComponent\gaSound.cpp">
      <Filter>Fichiers sources\gaEngine\gaComponent</Filter>
    </ClCompile>
    <ClCompile Include="darkforces\dfComponent\InfElevator\InfElevatorRotate.cpp">
      <Filter>Fichiers sources\Dark Forces\dfComponent\InfElevator</Filter>
    </ClCompile>
    <ClCompile Include="darkforces\dfComponent\InfElevator\InfElevatorHorizontal.cpp">
      <Filter>Fichiers sources\Dark Forces\dfComponent\InfElevator</Filter>
    </ClCompile>
    <ClCompile Include="darkforces\dfComponent\InfElevator\InfElevatorVertical\InfElevatorInv.cpp">
      <Filter>Fichiers sources\Dark Forces\dfComponent\InfElevator\InfElevatorVertical</Filter>
    </ClCompile>
    <ClCompile Include="darkforces\dfComponent\InfElevator\InfElevatorVertical\InfElevatorMoveFloor.cpp">
      <Filter>Fichiers sources\Dark Forces\dfComponent\InfElevator\InfElevatorVertical</Filter>
    </ClCompile>
    <ClCompile Include="darkforces\dfComponent\InfElevator\InfElevatorVertical\InfElevatorBasic.cpp">
      <Filter>Fichiers sources\Dark Forces\dfComponent\InfElevator\InfElevatorVertical</Filter>
    </ClCompile>
    <ClCompile Include="darkforces\dfComponent\InfElevator\InfElevatorVertical\InfElevatorMoveCeiling.cpp">
      <Filter>Fichiers sources\Dark Forces\dfComponent\InfElevator\InfElevatorVertical</Filter>
    </ClCompile>
    <ClCompile Include="darkforces\dfComponent\InfElevator\InfElevatorVertical\InfElevatorDoor.cpp">
      <Filter>Fichiers sources\Dark Forces\dfComponent\InfElevator\InfElevatorVertical</Filter>
    </ClCompile>
    <ClCompile Include="darkforces\dfComponent\InfElevator\InfElevatorRotate\InfElevatorMorphSpin1.cpp">
      <Filter>Fichiers sources\Dark Forces\dfComponent\InfElevator\InfElevatorRotate</Filter>
    </ClCompile>
    <ClCompile Include="darkforces\dfComponent\InfElevator\InfElevatorRotate\InfElevatorMorphSpin2.cpp">
      <Filter>Fichiers sources\Dark Forces\dfComponent\InfElevator\InfElevatorRotate</Filter>
    </ClCompile>
    <ClCompile Include="darkforces\dfComponent\InfElevator\infElevatorHorizontal\InfElevatorMorphMove1.cpp">
      <Filter>Fichiers sources\Dark Forces\dfComponent\InfElevator\InfElevatorHorizontal</Filter>
    </ClCompile>
    <ClCompile Include="darkforces\dfComponent\Trigger.cpp">
      <Filter>Fichiers sources\Dark Forces\dfComponent</Filter>
    </ClCompile>
    <ClCompile Include="gaEngine\gaComponent\gaActiveProbe.cpp">
      <Filter>Fichiers sources\gaEngine\gaComponent</Filter>
    </ClCompile>
    <ClCompile Include="gaEngine\gaComponent\gaController.cpp">
      <Filter>Fichiers sources\gaEngine\gaComponent</Filter>
    </ClCompile>
    <ClCompile Include="gaEngine\gaLevel.cpp">
      <Filter>Fichiers sources\gaEngine</Filter>
    </ClCompile>
    <ClCompile Include="gaEngine\gaApp.cpp">
      <Filter>Fichiers sources\gaEngine</Filter>
    </ClCompile>
    <ClCompile Include="darkforces\dfFileLFD.cpp">
      <Filter>Fichiers sources\Dark Forces</Filter>
    </ClCompile>
    <ClCompile Include="gaEngine\gaComponent\gaSatNav.cpp">
      <Filter>Fichiers sources\gaEngine\gaComponent</Filter>
    </ClCompile>
    <ClCompile Include="gaEngine\gaNavMesh.cpp">
      <Filter>Fichiers sources\gaEngine</Filter>
    </ClCompile>
    <ClCompile Include="gaEngine\gaBehaviorNode.cpp">
      <Filter>Fichiers sources\gaEngine</Filter>
    </ClCompile>
    <ClCompile Include="gaEngine\gaBehaviorNode\gaBNSatNav.cpp">
      <Filter>Fichiers sources\gaEngine\gaBehaviorNode</Filter>
    </ClCompile>
    <ClCompile Include="gaEngine\gaComponent\gaBehaviorTree.cpp">
      <Filter>Fichiers sources\gaEngine\gaComponent</Filter>
    </ClCompile>
    <ClCompile Include="darkforces\dfComponent\dfEnemyAI.cpp">
      <Filter>Fichiers sources\Dark Forces\dfComponent</Filter>
    </ClCompile>
    <ClCompile Include="darkforces\gaBehaviorNode\dfMoveEnemyTo.cpp">
      <Filter>Fichiers sources\Dark Forces\gaBehaviorNode</Filter>
    </ClCompile>
    <ClCompile Include="darkforces\gaBehaviorNode\dfWaitDoor.cpp">
      <Filter>Fichiers sources\Dark Forces\gaBehaviorNode</Filter>
    </ClCompile>
    <ClCompile Include="darkforces\gaBehaviorNode\dfOpenDoor.cpp">
      <Filter>Fichiers sources\Dark Forces\gaBehaviorNode</Filter>
    </ClCompile>
    <ClCompile Include="darkforces\gaBehaviorNode\dfGotoTrigger.cpp">
      <Filter>Fichiers sources\Dark Forces\gaBehaviorNode</Filter>
    </ClCompile>
    <ClCompile Include="darkforces\dfComponent\dfSign.cpp">
      <Filter>Fichiers sources\Dark Forces\dfComponent</Filter>
    </ClCompile>
    <ClCompile Include="framework\math\fwSegment2D.cpp">
      <Filter>Fichiers sources\Framework\math</Filter>
    </ClCompile>
    <ClCompile Include="framework\math\fwAABBox2D.cpp">
      <Filter>Fichiers sources\Framework\math</Filter>
    </ClCompile>
    <ClCompile Include="darkforces\gaBehaviorNode\dfWaitIdle.cpp">
      <Filter>Fichiers sources\Dark Forces\gaBehaviorNode</Filter>
    </ClCompile>
    <ClCompile Include="gaEngine\gaBehaviorNode\gaBehaviorLoop.cpp">
      <Filter>Fichiers sources\gaEngine\gaBehaviorNode</Filter>
    </ClCompile>
    <ClCompile Include="darkforces\gaBehaviorNode\dfMove2player.cpp">
      <Filter>Fichiers sources\Dark Forces\gaBehaviorNode</Filter>
    </ClCompile>
    <ClCompile Include="darkforces\gaBehaviorNode\dfFire2Player.cpp">
      <Filter>Fichiers sources\Dark Forces\gaBehaviorNode</Filter>
    </ClCompile>
    <ClCompile Include="gaEngine\gaBehaviorNode\gaMoveTo.cpp">
      <Filter>Fichiers sources\gaEngine\gaBehaviorNode</Filter>
    </ClCompile>
    <ClCompile Include="darkforces\gaBehaviorNode\dfAttackPlayer.cpp">
      <Filter>Fichiers sources\Dark Forces\gaBehaviorNode</Filter>
    </ClCompile>
    <ClCompile Include="gaEngine\gaBehaviorNode\gaBehaviorSequence.cpp">
      <Filter>Fichiers sources\gaEngine\gaBehaviorNode</Filter>
    </ClCompile>
    <ClCompile Include="darkforces\gaBehaviorNode\dfMoveToAndAttack.cpp">
      <Filter>Fichiers sources\Dark Forces\gaBehaviorNode</Filter>
    </ClCompile>
    <ClCompile Include="darkforces\gaBehaviorNode\dfTrackPlayer.cpp">
      <Filter>Fichiers sources\Dark Forces\gaBehaviorNode</Filter>
    </ClCompile>
    <ClCompile Include="gaEngine\gaBehaviorNode\gaBehaviorDecorator.cpp">
      <Filter>Fichiers sources\gaEngine\gaBehaviorNode</Filter>
    </ClCompile>
    <ClCompile Include="gaEngine\gaComponent\gaAIPerception.cpp">
      <Filter>Fichiers sources\gaEngine\gaComponent</Filter>
    </ClCompile>
    <ClCompile Include="gaEngine\gaComponent\gaCActor.cpp">
      <Filter>Fichiers sources\gaEngine\gaComponent</Filter>
    </ClCompile>
    <ClCompile Include="darkforces\dfComponent\dfCWeapon.cpp">
      <Filter>Fichiers sources\Dark Forces\dfComponent</Filter>
    </ClCompile>
    <ClCompile Include="include\imnodes.cpp">
      <Filter>Fichiers sources\include</Filter>
    </ClCompile>
    <ClCompile Include="darkforces\dfHUD.cpp">
      <Filter>Fichiers sources\Dark Forces</Filter>
    </ClCompile>
    <ClCompile Include="darkforces\dfPlayer.cpp">
      <Filter>Fichiers sources\Dark Forces</Filter>
    </ClCompile>
    <ClCompile Include="darkforces\dfComponent\dfCSprite.cpp">
      <Filter>Fichiers sources\Dark Forces\dfComponent</Filter>
    </ClCompile>
    <ClCompile Include="darkforces\dfComponent\dfCSprite\dfCSpriteAnimated.cpp">
      <Filter>Fichiers sources\Dark Forces\dfComponent\dfCSprite</Filter>
    </ClCompile>
    <ClCompile Include="darkforces\dfObject\Enemy.cpp">
      <Filter>Fichiers sources\Dark Forces\dfObject</Filter>
    </ClCompile>
    <ClCompile Include="darkforces\dfObject\dfSpriteFME.cpp">
      <Filter>Fichiers sources\Dark Forces\dfObject</Filter>
    </ClCompile>
    <ClCompile Include="darkforces\dfObject\dfSprite\dfRifle.cpp">
      <Filter>Fichiers sources\Dark Forces\dfObject</Filter>
    </ClCompile>
    <ClCompile Include="darkforces\dfObject\dfSprite\ienergy.cpp">
      <Filter>Fichiers sources\Dark Forces\dfObject</Filter>
    </ClCompile>
    <ClCompile Include="darkforces\dfObject\dfSpriteWAX.cpp">
      <Filter>Fichiers sources\Dark Forces\dfObject</Filter>
    </ClCompile>
    <ClCompile Include="darkforces\dfComponent\dfCAnim3D.cpp">
      <Filter>Fichiers sources\Dark Forces\dfComponent</Filter>
    </ClCompile>
    <ClCompile Include="darkforces\dfObject\df3DObject.cpp">
      <Filter>Fichiers sources\Dark Forces\dfObject</Filter>
    </ClCompile>
    <ClCompile Include="gaEngine\gaBehaviorNode\gaBehaviorSound.cpp">
      <Filter>Fichiers sources\gaEngine\gaBehaviorNode</Filter>
    </ClCompile>
    <ClCompile Include="darkforces\dfSounds.cpp">
      <Filter>Fichiers sources\Dark Forces</Filter>
    </ClCompile>
    <ClCompile Include="gaEngine\gaVolumeSpace.cpp">
      <Filter>Fichiers sources\gaEngine</Filter>
    </ClCompile>
    <ClCompile Include="gaEngine\gaComponent\gaListener.cpp">
      <Filter>Fichiers sources\gaEngine\gaComponent</Filter>
    </ClCompile>
    <ClCompile Include="gaEngine\gaPlugin.cpp">
      <Filter>Fichiers sources\gaEngine</Filter>
    </ClCompile>
    <ClCompile Include="gaEngine\gaPlugin\gaPSounds.cpp">
      <Filter>Fichiers sources\gaEngine\gaPlugins</Filter>
    </ClCompile>
    <ClCompile Include="gaEngine\gaPlugin\gaPView.cpp">
      <Filter>Fichiers sources\gaEngine\gaPlugins</Filter>
    </ClCompile>
    <ClCompile Include="darkforces\dfPlugin\dfSprites.cpp">
      <Filter>Fichiers sources\Dark Forces\dfPlugin</Filter>
    </ClCompile>
    <ClCompile Include="darkforces\prefab\dfElevatorDoor.cpp">
      <Filter>Fichiers sources\Dark Forces\prefab</Filter>
    </ClCompile>
    <ClCompile Include="gaEngine\gaBehavior.cpp">
      <Filter>Fichiers sources\gaEngine</Filter>
    </ClCompile>
    <ClCompile Include="darkforces\gaBehaviorNode\dfBSound.cpp">
      <Filter>Fichiers sources\Dark Forces\gaBehaviorNode</Filter>
    </ClCompile>
    <ClCompile Include="gaEngine\gaBehaviorNode\gaBTurn.cpp">
      <Filter>Fichiers sources\gaEngine\gaBehaviorNode</Filter>
    </ClCompile>
    <ClCompile Include="gaEngine\gaBehaviorNode\gaBSetVar.cpp">
      <Filter>Fichiers sources\gaEngine\gaBehaviorNode</Filter>
    </ClCompile>
    <ClCompile Include="gaEngine\gaBehaviorNode\gaBCheckVar.cpp">
      <Filter>Fichiers sources\gaEngine\gaBehaviorNode</Filter>
    </ClCompile>
  </ItemGroup>
  <ItemGroup>
    <ClInclude Include="glad\glad.h">
      <Filter>Fichiers d%27en-tête</Filter>
    </ClInclude>
    <ClInclude Include="KHR\khrplatform.h">
      <Filter>Fichiers d%27en-tête</Filter>
    </ClInclude>
    <ClInclude Include="List.h">
      <Filter>Fichiers d%27en-tête</Filter>
    </ClInclude>
    <ClInclude Include="Element.h">
      <Filter>Fichiers d%27en-tête</Filter>
    </ClInclude>
    <ClInclude Include="Reference.h">
      <Filter>Fichiers d%27en-tête</Filter>
    </ClInclude>
    <ClInclude Include="myApp.h">
      <Filter>Fichiers d%27en-tête</Filter>
    </ClInclude>
    <ClInclude Include="config.h">
      <Filter>Fichiers d%27en-tête</Filter>
    </ClInclude>
    <ClInclude Include="framework\Loader.h">
      <Filter>Fichiers d%27en-tête</Filter>
    </ClInclude>
    <ClInclude Include="myDarkForces.h">
      <Filter>Fichiers d%27en-tête</Filter>
    </ClInclude>
    <ClInclude Include="darkforces\dfModel\df3DO.h">
      <Filter>Fichiers d%27en-tête\DarkForces</Filter>
    </ClInclude>
    <ClInclude Include="darkforces\dfAtlasTexture.h">
      <Filter>Fichiers d%27en-tête\DarkForces</Filter>
    </ClInclude>
    <ClInclude Include="darkforces\dfBitmap.h">
      <Filter>Fichiers d%27en-tête\DarkForces</Filter>
    </ClInclude>
    <ClInclude Include="darkforces\dfCollision.h">
      <Filter>Fichiers d%27en-tête\DarkForces</Filter>
    </ClInclude>
    <ClInclude Include="darkforces\dfFileGOB.h">
      <Filter>Fichiers d%27en-tête\DarkForces</Filter>
    </ClInclude>
    <ClInclude Include="darkforces\dfFileSystem.h">
      <Filter>Fichiers d%27en-tête\DarkForces</Filter>
    </ClInclude>
    <ClInclude Include="darkforces\dfModel\dfFME.h">
      <Filter>Fichiers d%27en-tête\DarkForces</Filter>
    </ClInclude>
    <ClInclude Include="darkforces\dfFrame.h">
      <Filter>Fichiers d%27en-tête\DarkForces</Filter>
    </ClInclude>
    <ClInclude Include="darkforces\dfGame.h">
      <Filter>Fichiers d%27en-tête\DarkForces</Filter>
    </ClInclude>
    <ClInclude Include="darkforces\dfLevel.h">
      <Filter>Fichiers d%27en-tête\DarkForces</Filter>
    </ClInclude>
    <ClInclude Include="darkforces\dfLogicStop.h">
      <Filter>Fichiers d%27en-tête\DarkForces</Filter>
    </ClInclude>
    <ClInclude Include="darkforces\dfLogicTrigger.h">
      <Filter>Fichiers d%27en-tête\DarkForces</Filter>
    </ClInclude>
    <ClInclude Include="darkforces\dfMesh.h">
      <Filter>Fichiers d%27en-tête\DarkForces</Filter>
    </ClInclude>
    <ClInclude Include="darkforces\dfModel.h">
      <Filter>Fichiers d%27en-tête\DarkForces</Filter>
    </ClInclude>
    <ClInclude Include="darkforces\dfObject.h">
      <Filter>Fichiers d%27en-tête\DarkForces</Filter>
    </ClInclude>
    <ClInclude Include="darkforces\dfPalette.h">
      <Filter>Fichiers d%27en-tête\DarkForces</Filter>
    </ClInclude>
    <ClInclude Include="darkforces\dfParseINF.h">
      <Filter>Fichiers d%27en-tête\DarkForces</Filter>
    </ClInclude>
    <ClInclude Include="darkforces\dfParserObjects.h">
      <Filter>Fichiers d%27en-tête\DarkForces</Filter>
    </ClInclude>
    <ClInclude Include="darkforces\dfSector.h">
      <Filter>Fichiers d%27en-tête\DarkForces</Filter>
    </ClInclude>
    <ClInclude Include="darkforces\dfSuperSector.h">
      <Filter>Fichiers d%27en-tête\DarkForces</Filter>
    </ClInclude>
    <ClInclude Include="darkforces\dfVue.h">
      <Filter>Fichiers d%27en-tête\DarkForces</Filter>
    </ClInclude>
    <ClInclude Include="darkforces\dfWall.h">
      <Filter>Fichiers d%27en-tête\DarkForces</Filter>
    </ClInclude>
    <ClInclude Include="darkforces\dfModel\dfWAX.h">
      <Filter>Fichiers d%27en-tête\DarkForces</Filter>
    </ClInclude>
    <ClInclude Include="framework\fwAABBox.h">
      <Filter>Fichiers d%27en-tête\Framework</Filter>
    </ClInclude>
    <ClInclude Include="framework\fwAnimation.h">
      <Filter>Fichiers d%27en-tête\Framework</Filter>
    </ClInclude>
    <ClInclude Include="framework\fwAnimationKeyframe.h">
      <Filter>Fichiers d%27en-tête\Framework</Filter>
    </ClInclude>
    <ClInclude Include="framework\fwApp.h">
      <Filter>Fichiers d%27en-tête\Framework</Filter>
    </ClInclude>
    <ClInclude Include="framework\materials\fwBloomMaterial.h">
      <Filter>Fichiers d%27en-tête\Framework</Filter>
    </ClInclude>
    <ClInclude Include="framework\fwBoneInfo.h">
      <Filter>Fichiers d%27en-tête\Framework</Filter>
    </ClInclude>
    <ClInclude Include="framework\fwBoneInfoAnimation.h">
      <Filter>Fichiers d%27en-tête\Framework</Filter>
    </ClInclude>
    <ClInclude Include="framework\math\fwBox3.h">
      <Filter>Fichiers d%27en-tête\Framework</Filter>
    </ClInclude>
    <ClInclude Include="framework\geometries\fwBoxGeometry.h">
      <Filter>Fichiers d%27en-tête\Framework</Filter>
    </ClInclude>
    <ClInclude Include="framework\fwCamera.h">
      <Filter>Fichiers d%27en-tête\Framework</Filter>
    </ClInclude>
    <ClInclude Include="framework\camera\fwCameraPanoramic.h">
      <Filter>Fichiers d%27en-tête\Framework</Filter>
    </ClInclude>
    <ClInclude Include="framework\fwCollision.h">
      <Filter>Fichiers d%27en-tête\Framework</Filter>
    </ClInclude>
    <ClInclude Include="framework\fwConstants.h">
      <Filter>Fichiers d%27en-tête\Framework</Filter>
    </ClInclude>
    <ClInclude Include="framework\fwControl.h">
      <Filter>Fichiers d%27en-tête\Framework</Filter>
    </ClInclude>
    <ClInclude Include="framework\controls\fwControlThirdPerson.h">
      <Filter>Fichiers d%27en-tête\Framework</Filter>
    </ClInclude>
    <ClInclude Include="framework\lights\fwDirectionLight.h">
      <Filter>Fichiers d%27en-tête\Framework</Filter>
    </ClInclude>
    <ClInclude Include="framework\fwFrustum.h">
      <Filter>Fichiers d%27en-tête\Framework</Filter>
    </ClInclude>
    <ClInclude Include="framework\fwGeometry.h">
      <Filter>Fichiers d%27en-tête\Framework</Filter>
    </ClInclude>
    <ClInclude Include="framework\geometries\fwGeometrySphere.h">
      <Filter>Fichiers d%27en-tête\Framework</Filter>
    </ClInclude>
    <ClInclude Include="framework\fwInstancedMesh.h">
      <Filter>Fichiers d%27en-tête\Framework</Filter>
    </ClInclude>
    <ClInclude Include="framework\fwLight.h">
      <Filter>Fichiers d%27en-tête\Framework</Filter>
    </ClInclude>
    <ClInclude Include="framework\fwMaterial.h">
      <Filter>Fichiers d%27en-tête\Framework</Filter>
    </ClInclude>
    <ClInclude Include="framework\fwMaterialBasic.h">
      <Filter>Fichiers d%27en-tête\Framework</Filter>
    </ClInclude>
    <ClInclude Include="framework\materials\fwMaterialDeferedLights.h">
      <Filter>Fichiers d%27en-tête\Framework</Filter>
    </ClInclude>
    <ClInclude Include="framework\fwMaterialDiffuse.h">
      <Filter>Fichiers d%27en-tête\Framework</Filter>
    </ClInclude>
    <ClInclude Include="framework\fwMesh.h">
      <Filter>Fichiers d%27en-tête\Framework</Filter>
    </ClInclude>
    <ClInclude Include="framework\mesh\fwMeshSkinned.h">
      <Filter>Fichiers d%27en-tête\Framework</Filter>
    </ClInclude>
    <ClInclude Include="framework\materials\fwNormalHelperMaterial.h">
      <Filter>Fichiers d%27en-tête\Framework</Filter>
    </ClInclude>
    <ClInclude Include="framework\fwObject3D.h">
      <Filter>Fichiers d%27en-tête\Framework</Filter>
    </ClInclude>
    <ClInclude Include="framework\controls\fwOrbitControl.h">
      <Filter>Fichiers d%27en-tête\Framework</Filter>
    </ClInclude>
    <ClInclude Include="framework\camera\fwOrthographicCamera.h">
      <Filter>Fichiers d%27en-tête\Framework</Filter>
    </ClInclude>
    <ClInclude Include="framework\materials\fwOutlineMaterial.h">
      <Filter>Fichiers d%27en-tête\Framework</Filter>
    </ClInclude>
    <ClInclude Include="framework\fwParticles.h">
      <Filter>Fichiers d%27en-tête\Framework</Filter>
    </ClInclude>
    <ClInclude Include="framework\math\fwPlane.h">
      <Filter>Fichiers d%27en-tête\Framework</Filter>
    </ClInclude>
    <ClInclude Include="framework\geometries\fwPlaneGeometry.h">
      <Filter>Fichiers d%27en-tête\Framework</Filter>
    </ClInclude>
    <ClInclude Include="framework\lights\fwPointLight.h">
      <Filter>Fichiers d%27en-tête\Framework</Filter>
    </ClInclude>
    <ClInclude Include="framework\fwPostProcessing.h">
      <Filter>Fichiers d%27en-tête\Framework</Filter>
    </ClInclude>
    <ClInclude Include="framework\postprocessing\fwPostProcessingBloom.h">
      <Filter>Fichiers d%27en-tête\Framework</Filter>
    </ClInclude>
    <ClInclude Include="framework\fwRenderer.h">
      <Filter>Fichiers d%27en-tête\Framework</Filter>
    </ClInclude>
    <ClInclude Include="framework\render\fwRendererDefered.h">
      <Filter>Fichiers d%27en-tête\Framework</Filter>
    </ClInclude>
    <ClInclude Include="framework\render\fwRendererForward.h">
      <Filter>Fichiers d%27en-tête\Framework</Filter>
    </ClInclude>
    <ClInclude Include="framework\fwScene.h">
      <Filter>Fichiers d%27en-tête\Framework</Filter>
    </ClInclude>
    <ClInclude Include="framework\math\fwSphere.h">
      <Filter>Fichiers d%27en-tête\Framework</Filter>
    </ClInclude>
    <ClInclude Include="framework\lights\fwSpotLight.h">
      <Filter>Fichiers d%27en-tête\Framework</Filter>
    </ClInclude>
    <ClInclude Include="framework\fwSprites.h">
      <Filter>Fichiers d%27en-tête\Framework</Filter>
    </ClInclude>
    <ClInclude Include="framework\fwTexture.h">
      <Filter>Fichiers d%27en-tête\Framework</Filter>
    </ClInclude>
    <ClInclude Include="framework\fwTextures.h">
      <Filter>Fichiers d%27en-tête\Framework</Filter>
    </ClInclude>
    <ClInclude Include="framework\fwUniform.h">
      <Filter>Fichiers d%27en-tête\Framework</Filter>
    </ClInclude>
    <ClInclude Include="glEngine\glBufferAttribute.h">
      <Filter>Fichiers d%27en-tête\opengl</Filter>
    </ClInclude>
    <ClInclude Include="glEngine\glBufferObject.h">
      <Filter>Fichiers d%27en-tête\opengl</Filter>
    </ClInclude>
    <ClInclude Include="glEngine\glColorMap.h">
      <Filter>Fichiers d%27en-tête\opengl</Filter>
    </ClInclude>
    <ClInclude Include="glEngine\glCubeTexture.h">
      <Filter>Fichiers d%27en-tête\opengl</Filter>
    </ClInclude>
    <ClInclude Include="glEngine\textures\glCubeTextureDepth.h">
      <Filter>Fichiers d%27en-tête\opengl</Filter>
    </ClInclude>
    <ClInclude Include="glEngine\framebuffer\glDepthCubeMap.h">
      <Filter>Fichiers d%27en-tête\opengl</Filter>
    </ClInclude>
    <ClInclude Include="glEngine\glDepthMap.h">
      <Filter>Fichiers d%27en-tête\opengl</Filter>
    </ClInclude>
    <ClInclude Include="glEngine\textures\glDepthTexture.h">
      <Filter>Fichiers d%27en-tête\opengl</Filter>
    </ClInclude>
    <ClInclude Include="glEngine\glDynamicBufferAttribute.h">
      <Filter>Fichiers d%27en-tête\opengl</Filter>
    </ClInclude>
    <ClInclude Include="glEngine\glFrameBuffer.h">
      <Filter>Fichiers d%27en-tête\opengl</Filter>
    </ClInclude>
    <ClInclude Include="glEngine\glGBuffer.h">
      <Filter>Fichiers d%27en-tête\opengl</Filter>
    </ClInclude>
    <ClInclude Include="glEngine\glInstancedBufferAttribute.h">
      <Filter>Fichiers d%27en-tête\opengl</Filter>
    </ClInclude>
    <ClInclude Include="glEngine\glInstancedVertexArray.h">
      <Filter>Fichiers d%27en-tête\opengl</Filter>
    </ClInclude>
    <ClInclude Include="glEngine\glProgram.h">
      <Filter>Fichiers d%27en-tête\opengl</Filter>
    </ClInclude>
    <ClInclude Include="glEngine\glRenderBuffer.h">
      <Filter>Fichiers d%27en-tête\opengl</Filter>
    </ClInclude>
    <ClInclude Include="glEngine\glShader.h">
      <Filter>Fichiers d%27en-tête\opengl</Filter>
    </ClInclude>
    <ClInclude Include="glEngine\glTexture.h">
      <Filter>Fichiers d%27en-tête\opengl</Filter>
    </ClInclude>
    <ClInclude Include="glEngine\glTextureArray.h">
      <Filter>Fichiers d%27en-tête\opengl</Filter>
    </ClInclude>
    <ClInclude Include="glEngine\glUniform.h">
      <Filter>Fichiers d%27en-tête\opengl</Filter>
    </ClInclude>
    <ClInclude Include="glEngine\glUniformBlock.h">
      <Filter>Fichiers d%27en-tête\opengl</Filter>
    </ClInclude>
    <ClInclude Include="glEngine\glUniformBuffer.h">
      <Filter>Fichiers d%27en-tête\opengl</Filter>
    </ClInclude>
    <ClInclude Include="glEngine\glVertexArray.h">
      <Filter>Fichiers d%27en-tête\opengl</Filter>
    </ClInclude>
    <ClInclude Include="glEngine\glVertexAttribute.h">
      <Filter>Fichiers d%27en-tête\opengl</Filter>
    </ClInclude>
    <ClInclude Include="framework\fwBackground.h">
      <Filter>Fichiers d%27en-tête\Framework</Filter>
    </ClInclude>
    <ClInclude Include="framework\background\fwSkyline.h">
      <Filter>Fichiers d%27en-tête\Framework</Filter>
    </ClInclude>
    <ClInclude Include="framework\fwHUDelement.h">
      <Filter>Fichiers d%27en-tête\Framework</Filter>
    </ClInclude>
    <ClInclude Include="framework\fwHUD.h">
      <Filter>Fichiers d%27en-tête\Framework</Filter>
    </ClInclude>
    <ClInclude Include="framework\fwFlatPanel.h">
      <Filter>Fichiers d%27en-tête\Framework</Filter>
    </ClInclude>
    <ClInclude Include="darkforces\dfVOC.h">
      <Filter>Fichiers d%27en-tête\DarkForces</Filter>
    </ClInclude>
    <ClInclude Include="alEngine\alSource.h">
      <Filter>Fichiers d%27en-tête\alEngine</Filter>
    </ClInclude>
    <ClInclude Include="alEngine\alSound.h">
      <Filter>Fichiers d%27en-tête\alEngine</Filter>
    </ClInclude>
    <ClInclude Include="alEngine\alListener.h">
      <Filter>Fichiers d%27en-tête\alEngine</Filter>
    </ClInclude>
    <ClInclude Include="gaEngine\gaActor.h">
      <Filter>Fichiers d%27en-tête\gaEngine</Filter>
    </ClInclude>
    <ClInclude Include="framework\math\fwCylinder.h">
      <Filter>Fichiers d%27en-tête\Framework</Filter>
    </ClInclude>
    <ClInclude Include="gaEngine\gaBoundingBoxes.h">
      <Filter>Fichiers d%27en-tête\gaEngine</Filter>
    </ClInclude>
    <ClInclude Include="gaEngine\gaDebug.h">
      <Filter>Fichiers d%27en-tête\gaEngine</Filter>
    </ClInclude>
    <ClInclude Include="gaEngine\gaCollisionPoint.h">
      <Filter>Fichiers d%27en-tête\gaEngine</Filter>
    </ClInclude>
    <ClInclude Include="gaEngine\gaEntity.h">
      <Filter>Fichiers d%27en-tête\gaEngine</Filter>
    </ClInclude>
    <ClInclude Include="framework\background\fwSkybox.h">
      <Filter>Fichiers d%27en-tête\Framework</Filter>
    </ClInclude>
    <ClInclude Include="gaEngine\gaMessage.h">
      <Filter>Fichiers d%27en-tête\gaEngine</Filter>
    </ClInclude>
    <ClInclude Include="darkforces\dfBullet.h">
      <Filter>Fichiers d%27en-tête\DarkForces</Filter>
    </ClInclude>
    <ClInclude Include="gaEngine\gaComponent.h">
      <Filter>Fichiers d%27en-tête\gaEngine</Filter>
    </ClInclude>
    <ClInclude Include="gaEngine\gaComponent\gaComponentMesh.h">
      <Filter>Fichiers d%27en-tête\gaEngine\gaComponent</Filter>
    </ClInclude>
    <ClInclude Include="darkforces\dfComponent\dfCActor.h">
      <Filter>Fichiers d%27en-tête\DarkForces\dfComponent</Filter>
    </ClInclude>
    <ClInclude Include="darkforces\dfObject\dfBulletExplode.h">
      <Filter>Fichiers d%27en-tête\DarkForces\dfObject</Filter>
    </ClInclude>
    <ClInclude Include="framework\geometries\fwGeometryCylinder.h">
      <Filter>Fichiers d%27en-tête\Framework\geometry</Filter>
    </ClInclude>
    <ClInclude Include="gaEngine\Lexer.h">
      <Filter>Fichiers d%27en-tête\gaEngine</Filter>
    </ClInclude>
    <ClInclude Include="darkforces\lexer\dfObject.lex.h">
      <Filter>Fichiers d%27en-tête\DarkForces\lexer</Filter>
    </ClInclude>
    <ClInclude Include="gaEngine\Parser.h">
      <Filter>Fichiers d%27en-tête\gaEngine</Filter>
    </ClInclude>
    <ClInclude Include="darkforces\dfComponent\dfComponentLogic.h">
      <Filter>Fichiers d%27en-tête\DarkForces\dfComponent</Filter>
    </ClInclude>
    <ClInclude Include="gaEngine\Collider.h">
      <Filter>Fichiers d%27en-tête\gaEngine</Filter>
    </ClInclude>
    <ClInclude Include="framework\fwTransforms.h">
      <Filter>Fichiers d%27en-tête\Framework</Filter>
    </ClInclude>
    <ClInclude Include="gaEngine\AABBoxTree.h">
      <Filter>Fichiers d%27en-tête\gaEngine</Filter>
    </ClInclude>
    <ClInclude Include="gaEngine\gaComponent\ComponentControler.h">
      <Filter>Fichiers d%27en-tête\gaEngine\gaComponent</Filter>
    </ClInclude>
    <ClInclude Include="gaEngine\Physics.h">
      <Filter>Fichiers d%27en-tête\gaEngine</Filter>
    </ClInclude>
    <ClInclude Include="darkforces\dfObject\dfObject3D\MouseBot.h">
      <Filter>Fichiers d%27en-tête\DarkForces\dfObject\dfObject3D</Filter>
    </ClInclude>
    <ClInclude Include="darkforces\dfComponent\AIMouseBot.h">
      <Filter>Fichiers d%27en-tête\DarkForces\dfComponent</Filter>
    </ClInclude>
    <ClInclude Include="framework\math\Segment.h">
      <Filter>Fichiers d%27en-tête\Framework\math</Filter>
    </ClInclude>
    <ClInclude Include="gaEngine\Model.h">
      <Filter>Fichiers d%27en-tête\gaEngine</Filter>
    </ClInclude>
    <ClInclude Include="gaEngine\World.h">
      <Filter>Fichiers d%27en-tête\gaEngine</Filter>
    </ClInclude>
    <ClInclude Include="flightRecorder\AABBox.h">
      <Filter>Fichiers d%27en-tête\flightRecorder</Filter>
    </ClInclude>
    <ClInclude Include="flightRecorder\classes.h">
      <Filter>Fichiers d%27en-tête\flightRecorder</Filter>
    </ClInclude>
    <ClInclude Include="flightRecorder\Entity.h">
      <Filter>Fichiers d%27en-tête\flightRecorder</Filter>
    </ClInclude>
    <ClInclude Include="flightRecorder\Object3D.h">
      <Filter>Fichiers d%27en-tête\flightRecorder</Filter>
    </ClInclude>
    <ClInclude Include="flightRecorder\Blackbox.h">
      <Filter>Fichiers d%27en-tête\flightRecorder</Filter>
    </ClInclude>
    <ClInclude Include="flightRecorder\Message.h">
      <Filter>Fichiers d%27en-tête\flightRecorder</Filter>
    </ClInclude>
    <ClInclude Include="flightRecorder\Ballistic.h">
      <Filter>Fichiers d%27en-tête\flightRecorder</Filter>
    </ClInclude>
    <ClInclude Include="flightRecorder\Actor.h">
      <Filter>Fichiers d%27en-tête\flightRecorder</Filter>
    </ClInclude>
    <ClInclude Include="flightRecorder\frBullet.h">
      <Filter>Fichiers d%27en-tête\flightRecorder</Filter>
    </ClInclude>
    <ClInclude Include="darkforces\flightRecorder\frObject.h">
      <Filter>Fichiers d%27en-tête\DarkForces\flightRecorder</Filter>
    </ClInclude>
    <ClInclude Include="darkforces\flightRecorder\Object3D.h">
      <Filter>Fichiers d%27en-tête\DarkForces\flightRecorder</Filter>
    </ClInclude>
    <ClInclude Include="framework\fwDebug.h">
      <Filter>Fichiers d%27en-tête\Framework</Filter>
    </ClInclude>
    <ClInclude Include="gaEngine\Debug.h">
      <Filter>Fichiers d%27en-tête\gaEngine</Filter>
    </ClInclude>
    <ClInclude Include="darkforces\flightRecorder\frSpriteAnimated.h">
      <Filter>Fichiers d%27en-tête\DarkForces\flightRecorder</Filter>
    </ClInclude>
    <ClInclude Include="darkforces\flightRecorder\frSprite.h">
      <Filter>Fichiers d%27en-tête\DarkForces\flightRecorder</Filter>
    </ClInclude>
    <ClInclude Include="darkforces\flightRecorder\frActor.h">
      <Filter>Fichiers d%27en-tête\DarkForces\flightRecorder</Filter>
    </ClInclude>
    <ClInclude Include="darkforces\flightRecorder\frElevator.h">
      <Filter>Fichiers d%27en-tête\DarkForces\flightRecorder</Filter>
    </ClInclude>
    <ClInclude Include="darkforces\dfComponent\InfStandardTrigger.h">
      <Filter>Fichiers d%27en-tête\DarkForces\dfComponent</Filter>
    </ClInclude>
    <ClInclude Include="darkforces\dfComponent\InfElevator.h">
      <Filter>Fichiers d%27en-tête\DarkForces\dfComponent</Filter>
    </ClInclude>
    <ClInclude Include="darkforces\flightRecorder\frSector.h">
      <Filter>Fichiers d%27en-tête\DarkForces\flightRecorder</Filter>
    </ClInclude>
    <ClInclude Include="darkforces\flightRecorder\frCompElevator.h">
      <Filter>Fichiers d%27en-tête\DarkForces\flightRecorder</Filter>
    </ClInclude>
    <ClInclude Include="darkforces\flightRecorder\frCompActor.h">
      <Filter>Fichiers d%27en-tête\DarkForces\flightRecorder</Filter>
    </ClInclude>
    <ClInclude Include="darkforces\dfComponent\InfElevator\InfElevatorLight.h">
      <Filter>Fichiers d%27en-tête\DarkForces\dfComponent\InfElevator</Filter>
    </ClInclude>
    <ClInclude Include="darkforces\dfComponent\InfElevator\InfElevatorTranslate.h">
      <Filter>Fichiers d%27en-tête\DarkForces\dfComponent\InfElevator</Filter>
    </ClInclude>
    <ClInclude Include="darkforces\gaEntity\ElevatorDoor.h">
      <Filter>Fichiers d%27en-tête\DarkForces\gaEntity</Filter>
    </ClInclude>
    <ClInclude Include="gaEngine\gaComponent\gaSound.h">
      <Filter>Fichiers d%27en-tête\gaEngine\gaComponent</Filter>
    </ClInclude>
    <ClInclude Include="darkforces\flightRecorder\frLogicTrigger.h">
      <Filter>Fichiers d%27en-tête\DarkForces\flightRecorder</Filter>
    </ClInclude>
    <ClInclude Include="darkforces\dfComponent\InfElevator\InfElevatorRotate.h">
      <Filter>Fichiers d%27en-tête\DarkForces\dfComponent\InfElevator</Filter>
    </ClInclude>
    <ClInclude Include="darkforces\dfComponent\InfElevator\InfElevatorHorizontal.h">
      <Filter>Fichiers d%27en-tête\DarkForces\dfComponent\InfElevator</Filter>
    </ClInclude>
    <ClInclude Include="darkforces\dfComponent\InfElevator\InfElevatorVertical\InfElevatorInv.h">
      <Filter>Fichiers d%27en-tête\DarkForces\dfComponent\InfElevator\InElevatorVertical</Filter>
    </ClInclude>
    <ClInclude Include="darkforces\dfComponent\InfElevator\InfElevatorVertical\InfElevatorMoveFloor.h">
      <Filter>Fichiers d%27en-tête\DarkForces\dfComponent\InfElevator\InElevatorVertical</Filter>
    </ClInclude>
    <ClInclude Include="darkforces\dfComponent\InfElevator\InfElevatorVertical\InfElevatorBasic.h">
      <Filter>Fichiers d%27en-tête\DarkForces\dfComponent\InfElevator\InElevatorVertical</Filter>
    </ClInclude>
    <ClInclude Include="darkforces\dfComponent\InfElevator\InfElevatorVertical\InfElevatorMoveCeiling.h">
      <Filter>Fichiers d%27en-tête\DarkForces\dfComponent\InfElevator\InElevatorVertical</Filter>
    </ClInclude>
    <ClInclude Include="darkforces\dfComponent\InfElevator\InfElevatorVertical\InfElevatorDoor.h">
      <Filter>Fichiers d%27en-tête\DarkForces\dfComponent\InfElevator\InElevatorVertical</Filter>
    </ClInclude>
    <ClInclude Include="darkforces\dfComponent\InfElevator\InfElevatorRotate\InfElevatorMorphSpin1.h">
      <Filter>Fichiers d%27en-tête\DarkForces\dfComponent\InfElevator\InfElevatorRotate</Filter>
    </ClInclude>
    <ClInclude Include="darkforces\dfComponent\InfElevator\InfElevatorRotate\InfElevatorMorphSpin2.h">
      <Filter>Fichiers d%27en-tête\DarkForces\dfComponent\InfElevator\InfElevatorRotate</Filter>
    </ClInclude>
    <ClInclude Include="darkforces\dfComponent\InfElevator\infElevatorHorizontal\InfElevatorMorphMove1.h">
      <Filter>Fichiers d%27en-tête\DarkForces\dfComponent\InfElevator\InfElevatorHorizontal</Filter>
    </ClInclude>
    <ClInclude Include="darkforces\dfComponent\Trigger.h">
      <Filter>Fichiers d%27en-tête\DarkForces\dfComponent</Filter>
    </ClInclude>
    <ClInclude Include="gaEngine\gaComponent\gaActiveProbe.h">
      <Filter>Fichiers d%27en-tête\gaEngine\gaComponent</Filter>
    </ClInclude>
    <ClInclude Include="gaEngine\gaComponent\gaController.h">
      <Filter>Fichiers d%27en-tête\gaEngine\gaComponent</Filter>
    </ClInclude>
    <ClInclude Include="gaEngine\gaLevel.h">
      <Filter>Fichiers d%27en-tête\gaEngine</Filter>
    </ClInclude>
    <ClInclude Include="gaEngine\gaApp.h">
      <Filter>Fichiers d%27en-tête\gaEngine</Filter>
    </ClInclude>
    <ClInclude Include="darkforces\dfConfig.h">
      <Filter>Fichiers d%27en-tête\DarkForces</Filter>
    </ClInclude>
    <ClInclude Include="darkforces\dfFileLFD.h">
      <Filter>Fichiers d%27en-tête\DarkForces</Filter>
    </ClInclude>
    <ClInclude Include="gaEngine\gaComponent\gaSatNav.h">
      <Filter>Fichiers d%27en-tête\gaEngine\gaComponent</Filter>
    </ClInclude>
    <ClInclude Include="gaEngine\gaNavMesh.h">
      <Filter>Fichiers d%27en-tête\gaEngine</Filter>
    </ClInclude>
    <ClInclude Include="include\earcut.hpp">
      <Filter>Fichiers d%27en-tête\include</Filter>
    </ClInclude>
    <ClInclude Include="include\stb_image.h">
      <Filter>Fichiers d%27en-tête\include</Filter>
    </ClInclude>
    <ClInclude Include="gaEngine\flightRecorder\frPathFinding.h">
      <Filter>Fichiers d%27en-tête\gaEngine\flightRecorder</Filter>
    </ClInclude>
    <ClInclude Include="gaEngine\gaBehaviorNode.h">
      <Filter>Fichiers d%27en-tête\gaEngine</Filter>
    </ClInclude>
    <ClInclude Include="gaEngine\gaBehaviorNode\gaBNSatNav.h">
      <Filter>Fichiers d%27en-tête\gaEngine\gaBehaviorNode</Filter>
    </ClInclude>
    <ClInclude Include="gaEngine\gaComponent\gaBehaviorTree.h">
      <Filter>Fichiers d%27en-tête\gaEngine\gaComponent</Filter>
    </ClInclude>
    <ClInclude Include="darkforces\dfComponent\dfEnemyAI.h">
      <Filter>Fichiers d%27en-tête\DarkForces\dfComponent</Filter>
    </ClInclude>
    <ClInclude Include="darkforces\gaBehaviorNode\dfMoveEnemyTo.h">
      <Filter>Fichiers d%27en-tête\DarkForces\gaBehaviorNode</Filter>
    </ClInclude>
    <ClInclude Include="darkforces\gaBehaviorNode\dfWaitDoor.h">
      <Filter>Fichiers d%27en-tête\DarkForces\gaBehaviorNode</Filter>
    </ClInclude>
    <ClInclude Include="darkforces\gaBehaviorNode\dfOpenDoor.h">
      <Filter>Fichiers d%27en-tête\DarkForces\gaBehaviorNode</Filter>
    </ClInclude>
    <ClInclude Include="darkforces\gaBehaviorNode\dfGotoTrigger.h">
      <Filter>Fichiers d%27en-tête\DarkForces\gaBehaviorNode</Filter>
    </ClInclude>
    <ClInclude Include="gaEngine\flightRecorder\frBehaviorTree.h">
      <Filter>Fichiers d%27en-tête\gaEngine\flightRecorder</Filter>
    </ClInclude>
    <ClInclude Include="darkforces\dfComponent\dfSign.h">
      <Filter>Fichiers d%27en-tête\DarkForces\dfComponent</Filter>
    </ClInclude>
    <ClInclude Include="framework\math\fwSegment2D.h">
      <Filter>Fichiers d%27en-tête\Framework\math</Filter>
    </ClInclude>
    <ClInclude Include="framework\math\fwAABBox2D.h">
      <Filter>Fichiers d%27en-tête\Framework\math</Filter>
    </ClInclude>
    <ClInclude Include="darkforces\gaBehaviorNode\dfWaitIdle.h">
      <Filter>Fichiers d%27en-tête\DarkForces\gaBehaviorNode</Filter>
    </ClInclude>
    <ClInclude Include="darkforces\dfMessage.h">
      <Filter>Fichiers d%27en-tête\DarkForces</Filter>
    </ClInclude>
    <ClInclude Include="gaEngine\gaBehaviorNode\gaBehaviorLoop.h">
      <Filter>Fichiers d%27en-tête\gaEngine\gaBehaviorNode</Filter>
    </ClInclude>
    <ClInclude Include="darkforces\gaBehaviorNode\dfMove2player.h">
      <Filter>Fichiers d%27en-tête\DarkForces\gaBehaviorNode</Filter>
    </ClInclude>
    <ClInclude Include="darkforces\gaBehaviorNode\dfFire2Player.h">
      <Filter>Fichiers d%27en-tête\DarkForces\gaBehaviorNode</Filter>
    </ClInclude>
    <ClInclude Include="gaEngine\gaBehaviorNode\gaMoveTo.h">
      <Filter>Fichiers d%27en-tête\gaEngine\gaBehaviorNode</Filter>
    </ClInclude>
    <ClInclude Include="darkforces\gaBehaviorNode\dfAttackPlayer.h">
      <Filter>Fichiers d%27en-tête\DarkForces\gaBehaviorNode</Filter>
    </ClInclude>
    <ClInclude Include="gaEngine\gaBehaviorNode\gaBehaviorSequence.h">
      <Filter>Fichiers d%27en-tête\gaEngine\gaBehaviorNode</Filter>
    </ClInclude>
    <ClInclude Include="darkforces\gaBehaviorNode\dfMoveToAndAttack.h">
      <Filter>Fichiers d%27en-tête\DarkForces\gaBehaviorNode</Filter>
    </ClInclude>
    <ClInclude Include="darkforces\gaBehaviorNode\dfTrackPlayer.h">
      <Filter>Fichiers d%27en-tête\DarkForces\gaBehaviorNode</Filter>
    </ClInclude>
    <ClInclude Include="gaEngine\gaBehaviorNode\gaBehaviorDecorator.h">
      <Filter>Fichiers d%27en-tête\gaEngine\gaBehaviorNode</Filter>
    </ClInclude>
    <ClInclude Include="gaEngine\gaComponent\gaAIPerception.h">
      <Filter>Fichiers d%27en-tête\gaEngine\gaComponent</Filter>
    </ClInclude>
    <ClInclude Include="gaEngine\gaComponent\gaCActor.h">
      <Filter>Fichiers d%27en-tête\gaEngine\gaComponent</Filter>
    </ClInclude>
    <ClInclude Include="darkforces\dfComponent\dfCWeapon.h">
      <Filter>Fichiers d%27en-tête\DarkForces\dfComponent</Filter>
    </ClInclude>
    <ClInclude Include="include\imnodes.h">
      <Filter>Fichiers d%27en-tête\include</Filter>
    </ClInclude>
    <ClInclude Include="include\imnodes_internal.h">
      <Filter>Fichiers d%27en-tête\include</Filter>
    </ClInclude>
    <ClInclude Include="darkforces\dfHUD.h">
      <Filter>Fichiers d%27en-tête\DarkForces</Filter>
    </ClInclude>
    <ClInclude Include="darkforces\dfPlayer.h">
      <Filter>Fichiers d%27en-tête\DarkForces</Filter>
    </ClInclude>
    <ClInclude Include="darkforces\dfWeapon.h">
      <Filter>Fichiers d%27en-tête</Filter>
    </ClInclude>
    <ClInclude Include="darkforces\dfComponent\dfCSprite.h">
      <Filter>Fichiers d%27en-tête\DarkForces\dfComponent</Filter>
    </ClInclude>
    <ClInclude Include="darkforces\dfComponent.h">
      <Filter>Fichiers d%27en-tête\DarkForces</Filter>
    </ClInclude>
    <ClInclude Include="darkforces\dfComponent\dfCSprite\dfCSpriteAnimated.h">
      <Filter>Fichiers d%27en-tête\DarkForces\dfComponent\dfCSprite</Filter>
    </ClInclude>
    <ClInclude Include="darkforces\dfObject\Enemy.h">
      <Filter>Fichiers d%27en-tête\DarkForces\dfObject</Filter>
    </ClInclude>
    <ClInclude Include="darkforces\dfObject\dfSpriteFME.h">
      <Filter>Fichiers d%27en-tête\DarkForces\dfObject</Filter>
    </ClInclude>
    <ClInclude Include="darkforces\dfObject\dfSprite\dfRifle.h">
      <Filter>Fichiers d%27en-tête\DarkForces\dfObject</Filter>
    </ClInclude>
    <ClInclude Include="darkforces\dfObject\dfSprite\ienergy.h">
      <Filter>Fichiers d%27en-tête\DarkForces\dfObject</Filter>
    </ClInclude>
    <ClInclude Include="darkforces\dfObject\dfSpriteWAX.h">
      <Filter>Fichiers d%27en-tête\DarkForces\dfObject</Filter>
    </ClInclude>
    <ClInclude Include="darkforces\dfComponent\dfCAnim3D.h">
      <Filter>Fichiers d%27en-tête\DarkForces\dfComponent</Filter>
    </ClInclude>
    <ClInclude Include="darkforces\dfObject\df3DObject.h">
      <Filter>Fichiers d%27en-tête\DarkForces\dfObject</Filter>
    </ClInclude>
    <ClInclude Include="darkforces\flightRecorder\frAnim3D.h">
      <Filter>Fichiers d%27en-tête\DarkForces\flightRecorder</Filter>
    </ClInclude>
    <ClInclude Include="gaEngine\gaBehaviorNode\gaBehaviorSound.h">
      <Filter>Fichiers d%27en-tête\gaEngine\gaBehaviorNode</Filter>
    </ClInclude>
    <ClInclude Include="darkforces\dfSounds.h">
      <Filter>Fichiers d%27en-tête\DarkForces</Filter>
    </ClInclude>
    <ClInclude Include="darkforces\flightRecorder\fdBulletExplode.h">
      <Filter>Fichiers d%27en-tête\DarkForces\flightRecorder</Filter>
    </ClInclude>
    <ClInclude Include="darkforces\flightRecorder\frDarkForces.h">
      <Filter>Fichiers d%27en-tête\DarkForces\flightRecorder</Filter>
    </ClInclude>
    <ClInclude Include="gaEngine\flightRecorder\frCMesh.h">
      <Filter>Fichiers d%27en-tête\gaEngine\flightRecorder</Filter>
    </ClInclude>
    <ClInclude Include="gaEngine\gaVolumeSpace.h">
      <Filter>Fichiers d%27en-tête\gaEngine</Filter>
    </ClInclude>
    <ClInclude Include="gaEngine\gaComponent\gaListener.h">
      <Filter>Fichiers d%27en-tête\gaEngine\gaComponent</Filter>
    </ClInclude>
    <ClInclude Include="gaEngine\gaPlugin.h">
      <Filter>Fichiers d%27en-tête\gaEngine</Filter>
    </ClInclude>
    <ClInclude Include="gaEngine\gaPlugin\gaPSounds.h">
      <Filter>Fichiers d%27en-tête\gaEngine\gaPlugins</Filter>
    </ClInclude>
    <ClInclude Include="gaEngine\gaPlugin\gaPView.h">
      <Filter>Fichiers d%27en-tête\gaEngine\gaPlugins</Filter>
    </ClInclude>
    <ClInclude Include="darkforces\dfPlugin\dfSprites.h">
      <Filter>Fichiers d%27en-tête\DarkForces\dfPlugin</Filter>
    </ClInclude>
    <ClInclude Include="darkforces\prefab\dfElevatorDoor.h">
      <Filter>Fichiers d%27en-tête\DarkForces\prefab</Filter>
    </ClInclude>
    <ClInclude Include="gaEngine\gaBehavior.h">
      <Filter>Fichiers d%27en-tête\gaEngine</Filter>
    </ClInclude>
    <ClInclude Include="darkforces\gaBehaviorNode\dfBSound.h">
      <Filter>Fichiers d%27en-tête\DarkForces\gaBehaviorNode</Filter>
    </ClInclude>
    <ClInclude Include="gaEngine\gaBehaviorNode\gaBTurn.h">
      <Filter>Fichiers d%27en-tête\gaEngine\gaBehaviorNode</Filter>
    </ClInclude>
    <ClInclude Include="gaEngine\gaBehaviorNode\gaBSetVar.h">
      <Filter>Fichiers d%27en-tête\gaEngine\gaBehaviorNode</Filter>
    </ClInclude>
    <ClInclude Include="gaEngine\gaBehaviorNode\gaBCheckVar.h">
      <Filter>Fichiers d%27en-tête\gaEngine\gaBehaviorNode</Filter>
    </ClInclude>
  </ItemGroup>
  <ItemGroup>
    <None Include="shaders\fragment.glsl">
      <Filter>Fichiers de ressources</Filter>
    </None>
    <None Include="shaders\vertex.glsl">
      <Filter>Fichiers de ressources</Filter>
    </None>
    <None Include="shaders\fragment_basic.glsl">
      <Filter>Fichiers de ressources</Filter>
    </None>
    <None Include="shaders\vertex_basic.glsl">
      <Filter>Fichiers de ressources</Filter>
    </None>
    <None Include="shaders\fragment_diffuse.glsl">
      <Filter>Fichiers de ressources</Filter>
    </None>
    <None Include="shaders\vertex_diffuse.glsl">
      <Filter>Fichiers de ressources</Filter>
    </None>
    <None Include="shaders\fragment_outline.glsl">
      <Filter>Fichiers de ressources</Filter>
    </None>
    <None Include="shaders\vertex_outline.glsl">
      <Filter>Fichiers de ressources</Filter>
    </None>
    <None Include="shaders\cubemap_fragment.glsl">
      <Filter>Fichiers de ressources</Filter>
    </None>
    <None Include="shaders\cubemap_vertex.glsl">
      <Filter>Fichiers de ressources</Filter>
    </None>
    <None Include="data\shaders\sprites\sprites_fs.glsl">
      <Filter>Fichiers de ressources</Filter>
    </None>
    <None Include="data\shaders\sprites\sprites_vs.glsl">
      <Filter>Fichiers de ressources</Filter>
    </None>
    <None Include="data\shaders\sprites\sprites_gs.glsl">
      <Filter>Fichiers de ressources</Filter>
    </None>
    <None Include="data\shaders\3do\3do_flat_fs.glsl">
      <Filter>Fichiers de ressources</Filter>
    </None>
    <None Include="data\shaders\3do\3do_flat_vs.glsl">
      <Filter>Fichiers de ressources</Filter>
    </None>
    <None Include="data\shaders\3do\3do_texture_fs.glsl">
      <Filter>Fichiers de ressources</Filter>
    </None>
    <None Include="data\shaders\3do\3do_texture_vs.glsl">
      <Filter>Fichiers de ressources</Filter>
    </None>
    <None Include="framework\shaders\background\skyline_fs.glsl" />
    <None Include="framework\shaders\background\skyline_vs.glsl" />
    <None Include="framework\shaders\hud\hud_fs.glsl">
      <Filter>Fichiers de ressources\framework</Filter>
    </None>
    <None Include="framework\shaders\hud\hud_vs.glsl">
      <Filter>Fichiers de ressources\framework</Filter>
    </None>
    <None Include="packages.config" />
  </ItemGroup>
  <ItemGroup>
    <Text Include="todo.txt">
      <Filter>Fichiers de ressources</Filter>
    </Text>
  </ItemGroup>
  <ItemGroup>
    <Xml Include="darkforces\AI\Enemy.xml">
      <Filter>Fichiers de ressources\DarkForces\AI</Filter>
    </Xml>
  </ItemGroup>
</Project>